// !$*UTF8*$!
{
	archiveVersion = 1;
	classes = {
	};
	objectVersion = 52;
	objects = {

/* Begin PBXBuildFile section */
		6C0057E628D4DE3B004AC2F0 /* ContentView.swift in Sources */ = {isa = PBXBuildFile; fileRef = 6C0057E528D4DE3B004AC2F0 /* ContentView.swift */; };
		6C0057E828D4DE3C004AC2F0 /* Assets.xcassets in Resources */ = {isa = PBXBuildFile; fileRef = 6C0057E728D4DE3C004AC2F0 /* Assets.xcassets */; };
		6C7CFD3628D4FBC4005D12FA /* OSMTileSource.swift in Sources */ = {isa = PBXBuildFile; fileRef = 6C7CFD3028D4FBC4005D12FA /* OSMTileSource.swift */; };
		6C7CFD3728D4FBC4005D12FA /* DemoMapView.swift in Sources */ = {isa = PBXBuildFile; fileRef = 6C7CFD3228D4FBC4005D12FA /* DemoMapView.swift */; };
		6C7CFD3828D4FBC4005D12FA /* DemoApp.swift in Sources */ = {isa = PBXBuildFile; fileRef = 6C7CFD3328D4FBC4005D12FA /* DemoApp.swift */; };
		6C7CFD4D28D51D9A005D12FA /* GLMap in Frameworks */ = {isa = PBXBuildFile; productRef = 6C7CFD4C28D51D9A005D12FA /* GLMap */; };
		6C7CFD4F28D51D9A005D12FA /* GLRoute in Frameworks */ = {isa = PBXBuildFile; productRef = 6C7CFD4E28D51D9A005D12FA /* GLRoute */; };
		6C7CFD5128D51D9A005D12FA /* GLSearch in Frameworks */ = {isa = PBXBuildFile; productRef = 6C7CFD5028D51D9A005D12FA /* GLSearch */; };
		6CCA85A928D51F8C00F1C78D /* cluster.svg in Resources */ = {isa = PBXBuildFile; fileRef = 6C7CFD6F28D51EA4005D12FA /* cluster.svg */; };
		6CCA85AA28D51F9600F1C78D /* Montenegro.vm in Resources */ = {isa = PBXBuildFile; fileRef = 6C7CFD7128D51EA4005D12FA /* Montenegro.vm */; };
		6CCA85AB28D51F9600F1C78D /* uk_postcodes.geojson in Resources */ = {isa = PBXBuildFile; fileRef = 6C7CFD6328D51EA4005D12FA /* uk_postcodes.geojson */; };
		6CCA85AC28D51F9600F1C78D /* cluster_data.json in Resources */ = {isa = PBXBuildFile; fileRef = 6C7CFD7D28D51EA4005D12FA /* cluster_data.json */; };
		6CCA85AD28D51F9600F1C78D /* valhalla3.json in Resources */ = {isa = PBXBuildFile; fileRef = 6C7CFD8728D51EA4005D12FA /* valhalla3.json */; };
/* End PBXBuildFile section */

/* Begin PBXFileReference section */
		6C0057E128D4DE3B004AC2F0 /* SwiftUIDemo.app */ = {isa = PBXFileReference; explicitFileType = wrapper.application; includeInIndex = 0; path = SwiftUIDemo.app; sourceTree = BUILT_PRODUCTS_DIR; };
		6C0057E528D4DE3B004AC2F0 /* ContentView.swift */ = {isa = PBXFileReference; lastKnownFileType = sourcecode.swift; path = ContentView.swift; sourceTree = "<group>"; };
		6C0057E728D4DE3C004AC2F0 /* Assets.xcassets */ = {isa = PBXFileReference; lastKnownFileType = folder.assetcatalog; path = Assets.xcassets; sourceTree = "<group>"; };
		6C0057EA28D4DE3C004AC2F0 /* Preview Assets.xcassets */ = {isa = PBXFileReference; lastKnownFileType = folder.assetcatalog; path = "Preview Assets.xcassets"; sourceTree = "<group>"; };
		6C7CFD2E28D4FBC4005D12FA /* SwiftUIDemo.xcconfig */ = {isa = PBXFileReference; fileEncoding = 4; lastKnownFileType = text.xcconfig; path = SwiftUIDemo.xcconfig; sourceTree = "<group>"; };
		6C7CFD2F28D4FBC4005D12FA /* Info.plist */ = {isa = PBXFileReference; fileEncoding = 4; lastKnownFileType = text.plist.xml; path = Info.plist; sourceTree = "<group>"; };
		6C7CFD3028D4FBC4005D12FA /* OSMTileSource.swift */ = {isa = PBXFileReference; fileEncoding = 4; lastKnownFileType = sourcecode.swift; path = OSMTileSource.swift; sourceTree = "<group>"; };
		6C7CFD3128D4FBC4005D12FA /* MacOS.entitlements */ = {isa = PBXFileReference; fileEncoding = 4; lastKnownFileType = text.plist.entitlements; path = MacOS.entitlements; sourceTree = "<group>"; };
		6C7CFD3228D4FBC4005D12FA /* DemoMapView.swift */ = {isa = PBXFileReference; fileEncoding = 4; lastKnownFileType = sourcecode.swift; path = DemoMapView.swift; sourceTree = "<group>"; };
		6C7CFD3328D4FBC4005D12FA /* DemoApp.swift */ = {isa = PBXFileReference; fileEncoding = 4; lastKnownFileType = sourcecode.swift; path = DemoApp.swift; sourceTree = "<group>"; };
		6C7CFD6328D51EA4005D12FA /* uk_postcodes.geojson */ = {isa = PBXFileReference; lastKnownFileType = text; path = uk_postcodes.geojson; sourceTree = "<group>"; };
		6C7CFD6F28D51EA4005D12FA /* cluster.svg */ = {isa = PBXFileReference; lastKnownFileType = text.xml; path = cluster.svg; sourceTree = "<group>"; };
		6C7CFD7128D51EA4005D12FA /* Montenegro.vm */ = {isa = PBXFileReference; lastKnownFileType = file; path = Montenegro.vm; sourceTree = "<group>"; };
		6C7CFD7D28D51EA4005D12FA /* cluster_data.json */ = {isa = PBXFileReference; lastKnownFileType = text.json; path = cluster_data.json; sourceTree = "<group>"; };
		6C7CFD8728D51EA4005D12FA /* valhalla3.json */ = {isa = PBXFileReference; lastKnownFileType = text.json; path = valhalla3.json; sourceTree = "<group>"; };
/* End PBXFileReference section */

/* Begin PBXFrameworksBuildPhase section */
		6C0057DE28D4DE3B004AC2F0 /* Frameworks */ = {
			isa = PBXFrameworksBuildPhase;
			buildActionMask = 2147483647;
			files = (
				6C7CFD4D28D51D9A005D12FA /* GLMap in Frameworks */,
				6C7CFD5128D51D9A005D12FA /* GLSearch in Frameworks */,
				6C7CFD4F28D51D9A005D12FA /* GLRoute in Frameworks */,
			);
			runOnlyForDeploymentPostprocessing = 0;
		};
/* End PBXFrameworksBuildPhase section */

/* Begin PBXGroup section */
		6C0057E228D4DE3B004AC2F0 /* SwiftUIDemo */ = {
			isa = PBXGroup;
			children = (
				6C7CFD5E28D51EA4005D12FA /* Resources */,
				6C7CFD3228D4FBC4005D12FA /* DemoMapView.swift */,
				6C7CFD2F28D4FBC4005D12FA /* Info.plist */,
				6C7CFD3128D4FBC4005D12FA /* MacOS.entitlements */,
				6C7CFD3328D4FBC4005D12FA /* DemoApp.swift */,
				6C7CFD3028D4FBC4005D12FA /* OSMTileSource.swift */,
				6C7CFD2E28D4FBC4005D12FA /* SwiftUIDemo.xcconfig */,
				6C0057E528D4DE3B004AC2F0 /* ContentView.swift */,
				6C0057E728D4DE3C004AC2F0 /* Assets.xcassets */,
				6C0057E928D4DE3C004AC2F0 /* Preview Content */,
			);
			path = SwiftUIDemo;
			sourceTree = "<group>";
		};
		6C0057E928D4DE3C004AC2F0 /* Preview Content */ = {
			isa = PBXGroup;
			children = (
				6C0057EA28D4DE3C004AC2F0 /* Preview Assets.xcassets */,
			);
			path = "Preview Content";
			sourceTree = "<group>";
		};
		6C37B0E125DE6E70008D49B8 /* Frameworks */ = {
			isa = PBXGroup;
			children = (
			);
			name = Frameworks;
			sourceTree = "<group>";
		};
		6C6C25511DD9F5F70060A241 = {
			isa = PBXGroup;
			children = (
				6C0057E228D4DE3B004AC2F0 /* SwiftUIDemo */,
				6C6C255B1DD9F5F70060A241 /* Products */,
				6C37B0E125DE6E70008D49B8 /* Frameworks */,
			);
			sourceTree = "<group>";
		};
		6C6C255B1DD9F5F70060A241 /* Products */ = {
			isa = PBXGroup;
			children = (
				6C0057E128D4DE3B004AC2F0 /* SwiftUIDemo.app */,
			);
			name = Products;
			sourceTree = "<group>";
		};
		6C7CFD5E28D51EA4005D12FA /* Resources */ = {
			isa = PBXGroup;
			children = (
				6C7CFD7D28D51EA4005D12FA /* cluster_data.json */,
				6C7CFD6F28D51EA4005D12FA /* cluster.svg */,
				6C7CFD7128D51EA4005D12FA /* Montenegro.vm */,
				6C7CFD6328D51EA4005D12FA /* uk_postcodes.geojson */,
				6C7CFD8728D51EA4005D12FA /* valhalla3.json */,
			);
			path = Resources;
			sourceTree = "<group>";
		};
/* End PBXGroup section */

/* Begin PBXNativeTarget section */
		6C0057E028D4DE3B004AC2F0 /* SwiftUIDemo */ = {
			isa = PBXNativeTarget;
			buildConfigurationList = 6C0057EC28D4DE3C004AC2F0 /* Build configuration list for PBXNativeTarget "SwiftUIDemo" */;
			buildPhases = (
				6C0057DD28D4DE3B004AC2F0 /* Sources */,
				6C0057DE28D4DE3B004AC2F0 /* Frameworks */,
				6C0057DF28D4DE3B004AC2F0 /* Resources */,
			);
			buildRules = (
			);
			dependencies = (
			);
			name = SwiftUIDemo;
			packageProductDependencies = (
				6C7CFD4C28D51D9A005D12FA /* GLMap */,
				6C7CFD4E28D51D9A005D12FA /* GLRoute */,
				6C7CFD5028D51D9A005D12FA /* GLSearch */,
			);
			productName = SwiftUI;
			productReference = 6C0057E128D4DE3B004AC2F0 /* SwiftUIDemo.app */;
			productType = "com.apple.product-type.application";
		};
/* End PBXNativeTarget section */

/* Begin PBXProject section */
		6C6C25521DD9F5F70060A241 /* Project object */ = {
			isa = PBXProject;
			attributes = {
				LastSwiftUpdateCheck = 1340;
				LastUpgradeCheck = 1240;
				ORGANIZATIONNAME = "Evgen Bodunov";
				TargetAttributes = {
					6C0057E028D4DE3B004AC2F0 = {
						CreatedOnToolsVersion = 13.4.1;
						DevelopmentTeam = AS56W2YHKU;
						ProvisioningStyle = Automatic;
					};
				};
			};
			buildConfigurationList = 6C6C25551DD9F5F70060A241 /* Build configuration list for PBXProject "SwiftUIDemo" */;
			compatibilityVersion = "Xcode 3.2";
			developmentRegion = en;
			hasScannedForEncodings = 0;
			knownRegions = (
				en,
				Base,
			);
			mainGroup = 6C6C25511DD9F5F70060A241;
			packageReferences = (
				6C7CFD3A28D4FCFF005D12FA /* XCRemoteSwiftPackageReference "GLMapSwift" */,
			);
			productRefGroup = 6C6C255B1DD9F5F70060A241 /* Products */;
			projectDirPath = "";
			projectRoot = "";
			targets = (
				6C0057E028D4DE3B004AC2F0 /* SwiftUIDemo */,
			);
		};
/* End PBXProject section */

/* Begin PBXResourcesBuildPhase section */
		6C0057DF28D4DE3B004AC2F0 /* Resources */ = {
			isa = PBXResourcesBuildPhase;
			buildActionMask = 2147483647;
			files = (
				6C0057E828D4DE3C004AC2F0 /* Assets.xcassets in Resources */,
				6CCA85AC28D51F9600F1C78D /* cluster_data.json in Resources */,
				6CCA85AD28D51F9600F1C78D /* valhalla3.json in Resources */,
				6CCA85A928D51F8C00F1C78D /* cluster.svg in Resources */,
				6CCA85AB28D51F9600F1C78D /* uk_postcodes.geojson in Resources */,
				6CCA85AA28D51F9600F1C78D /* Montenegro.vm in Resources */,
			);
			runOnlyForDeploymentPostprocessing = 0;
		};
/* End PBXResourcesBuildPhase section */

/* Begin PBXSourcesBuildPhase section */
		6C0057DD28D4DE3B004AC2F0 /* Sources */ = {
			isa = PBXSourcesBuildPhase;
			buildActionMask = 2147483647;
			files = (
				6C7CFD3628D4FBC4005D12FA /* OSMTileSource.swift in Sources */,
				6C0057E628D4DE3B004AC2F0 /* ContentView.swift in Sources */,
				6C7CFD3728D4FBC4005D12FA /* DemoMapView.swift in Sources */,
				6C7CFD3828D4FBC4005D12FA /* DemoApp.swift in Sources */,
			);
			runOnlyForDeploymentPostprocessing = 0;
		};
/* End PBXSourcesBuildPhase section */

/* Begin XCBuildConfiguration section */
		6C0057ED28D4DE3C004AC2F0 /* Debug */ = {
			isa = XCBuildConfiguration;
			baseConfigurationReference = 6C7CFD2E28D4FBC4005D12FA /* SwiftUIDemo.xcconfig */;
			buildSettings = {
			};
			name = Debug;
		};
		6C0057EE28D4DE3C004AC2F0 /* Release */ = {
			isa = XCBuildConfiguration;
			baseConfigurationReference = 6C7CFD2E28D4FBC4005D12FA /* SwiftUIDemo.xcconfig */;
			buildSettings = {
			};
			name = Release;
		};
		6C6C256A1DD9F5F80060A241 /* Debug */ = {
			isa = XCBuildConfiguration;
			buildSettings = {
				ALWAYS_SEARCH_USER_PATHS = NO;
				CLANG_ANALYZER_LOCALIZABILITY_NONLOCALIZED = YES;
				CLANG_ANALYZER_NONNULL = YES;
				CLANG_CXX_LANGUAGE_STANDARD = "gnu++0x";
				CLANG_CXX_LIBRARY = "libc++";
				CLANG_ENABLE_MODULES = YES;
				CLANG_ENABLE_OBJC_ARC = YES;
				CLANG_WARN_BLOCK_CAPTURE_AUTORELEASING = YES;
				CLANG_WARN_BOOL_CONVERSION = YES;
				CLANG_WARN_COMMA = YES;
				CLANG_WARN_CONSTANT_CONVERSION = YES;
				CLANG_WARN_DEPRECATED_OBJC_IMPLEMENTATIONS = YES;
				CLANG_WARN_DIRECT_OBJC_ISA_USAGE = YES_ERROR;
				CLANG_WARN_DOCUMENTATION_COMMENTS = YES;
				CLANG_WARN_EMPTY_BODY = YES;
				CLANG_WARN_ENUM_CONVERSION = YES;
				CLANG_WARN_INFINITE_RECURSION = YES;
				CLANG_WARN_INT_CONVERSION = YES;
				CLANG_WARN_NON_LITERAL_NULL_CONVERSION = YES;
				CLANG_WARN_OBJC_IMPLICIT_RETAIN_SELF = YES;
				CLANG_WARN_OBJC_LITERAL_CONVERSION = YES;
				CLANG_WARN_OBJC_ROOT_CLASS = YES_ERROR;
				CLANG_WARN_QUOTED_INCLUDE_IN_FRAMEWORK_HEADER = YES;
				CLANG_WARN_RANGE_LOOP_ANALYSIS = YES;
				CLANG_WARN_STRICT_PROTOTYPES = YES;
				CLANG_WARN_SUSPICIOUS_MOVE = YES;
				CLANG_WARN_SUSPICIOUS_MOVES = YES;
				CLANG_WARN_UNREACHABLE_CODE = YES;
				CLANG_WARN__DUPLICATE_METHOD_MATCH = YES;
				"CODE_SIGN_IDENTITY[sdk=iphoneos*]" = "iPhone Developer";
				COPY_PHASE_STRIP = NO;
				DEBUG_INFORMATION_FORMAT = dwarf;
				ENABLE_STRICT_OBJC_MSGSEND = YES;
				ENABLE_TESTABILITY = YES;
				GCC_C_LANGUAGE_STANDARD = gnu99;
				GCC_DYNAMIC_NO_PIC = NO;
				GCC_NO_COMMON_BLOCKS = YES;
				GCC_OPTIMIZATION_LEVEL = 0;
				GCC_PREPROCESSOR_DEFINITIONS = (
					"DEBUG=1",
					"$(inherited)",
				);
				GCC_WARN_64_TO_32_BIT_CONVERSION = YES;
				GCC_WARN_ABOUT_RETURN_TYPE = YES_ERROR;
				GCC_WARN_UNDECLARED_SELECTOR = YES;
				GCC_WARN_UNINITIALIZED_AUTOS = YES_AGGRESSIVE;
				GCC_WARN_UNUSED_FUNCTION = YES;
				GCC_WARN_UNUSED_VARIABLE = YES;
				MTL_ENABLE_DEBUG_INFO = YES;
				ONLY_ACTIVE_ARCH = YES;
				SDKROOT = iphoneos;
				SWIFT_ACTIVE_COMPILATION_CONDITIONS = DEBUG;
				SWIFT_OPTIMIZATION_LEVEL = "-Onone";
				TARGETED_DEVICE_FAMILY = "1,2";
			};
			name = Debug;
		};
		6C6C256B1DD9F5F80060A241 /* Release */ = {
			isa = XCBuildConfiguration;
			buildSettings = {
				ALWAYS_SEARCH_USER_PATHS = NO;
				CLANG_ANALYZER_LOCALIZABILITY_NONLOCALIZED = YES;
				CLANG_ANALYZER_NONNULL = YES;
				CLANG_CXX_LANGUAGE_STANDARD = "gnu++0x";
				CLANG_CXX_LIBRARY = "libc++";
				CLANG_ENABLE_MODULES = YES;
				CLANG_ENABLE_OBJC_ARC = YES;
				CLANG_WARN_BLOCK_CAPTURE_AUTORELEASING = YES;
				CLANG_WARN_BOOL_CONVERSION = YES;
				CLANG_WARN_COMMA = YES;
				CLANG_WARN_CONSTANT_CONVERSION = YES;
				CLANG_WARN_DEPRECATED_OBJC_IMPLEMENTATIONS = YES;
				CLANG_WARN_DIRECT_OBJC_ISA_USAGE = YES_ERROR;
				CLANG_WARN_DOCUMENTATION_COMMENTS = YES;
				CLANG_WARN_EMPTY_BODY = YES;
				CLANG_WARN_ENUM_CONVERSION = YES;
				CLANG_WARN_INFINITE_RECURSION = YES;
				CLANG_WARN_INT_CONVERSION = YES;
				CLANG_WARN_NON_LITERAL_NULL_CONVERSION = YES;
				CLANG_WARN_OBJC_IMPLICIT_RETAIN_SELF = YES;
				CLANG_WARN_OBJC_LITERAL_CONVERSION = YES;
				CLANG_WARN_OBJC_ROOT_CLASS = YES_ERROR;
				CLANG_WARN_QUOTED_INCLUDE_IN_FRAMEWORK_HEADER = YES;
				CLANG_WARN_RANGE_LOOP_ANALYSIS = YES;
				CLANG_WARN_STRICT_PROTOTYPES = YES;
				CLANG_WARN_SUSPICIOUS_MOVE = YES;
				CLANG_WARN_SUSPICIOUS_MOVES = YES;
				CLANG_WARN_UNREACHABLE_CODE = YES;
				CLANG_WARN__DUPLICATE_METHOD_MATCH = YES;
				"CODE_SIGN_IDENTITY[sdk=iphoneos*]" = "iPhone Developer";
				COPY_PHASE_STRIP = NO;
				DEBUG_INFORMATION_FORMAT = "dwarf-with-dsym";
				ENABLE_NS_ASSERTIONS = NO;
				ENABLE_STRICT_OBJC_MSGSEND = YES;
				GCC_C_LANGUAGE_STANDARD = gnu99;
				GCC_NO_COMMON_BLOCKS = YES;
				GCC_WARN_64_TO_32_BIT_CONVERSION = YES;
				GCC_WARN_ABOUT_RETURN_TYPE = YES_ERROR;
				GCC_WARN_UNDECLARED_SELECTOR = YES;
				GCC_WARN_UNINITIALIZED_AUTOS = YES_AGGRESSIVE;
				GCC_WARN_UNUSED_FUNCTION = YES;
				GCC_WARN_UNUSED_VARIABLE = YES;
				MTL_ENABLE_DEBUG_INFO = NO;
				SDKROOT = iphoneos;
				SWIFT_COMPILATION_MODE = wholemodule;
				SWIFT_OPTIMIZATION_LEVEL = "-O";
				TARGETED_DEVICE_FAMILY = "1,2";
				VALIDATE_PRODUCT = YES;
			};
			name = Release;
		};
/* End XCBuildConfiguration section */

/* Begin XCConfigurationList section */
		6C0057EC28D4DE3C004AC2F0 /* Build configuration list for PBXNativeTarget "SwiftUIDemo" */ = {
			isa = XCConfigurationList;
			buildConfigurations = (
				6C0057ED28D4DE3C004AC2F0 /* Debug */,
				6C0057EE28D4DE3C004AC2F0 /* Release */,
			);
			defaultConfigurationIsVisible = 0;
			defaultConfigurationName = Release;
		};
		6C6C25551DD9F5F70060A241 /* Build configuration list for PBXProject "SwiftUIDemo" */ = {
			isa = XCConfigurationList;
			buildConfigurations = (
				6C6C256A1DD9F5F80060A241 /* Debug */,
				6C6C256B1DD9F5F80060A241 /* Release */,
			);
			defaultConfigurationIsVisible = 0;
			defaultConfigurationName = Release;
		};
/* End XCConfigurationList section */

/* Begin XCRemoteSwiftPackageReference section */
		6C7CFD3A28D4FCFF005D12FA /* XCRemoteSwiftPackageReference "GLMapSwift" */ = {
			isa = XCRemoteSwiftPackageReference;
			repositoryURL = "https://github.com/GLMap/GLMapSwift";
			requirement = {
				branch = dev;
				kind = branch;
			};
		};
/* End XCRemoteSwiftPackageReference section */

/* Begin XCSwiftPackageProductDependency section */
		6C7CFD4C28D51D9A005D12FA /* GLMap */ = {
			isa = XCSwiftPackageProductDependency;
			package = 6C7CFD3A28D4FCFF005D12FA /* XCRemoteSwiftPackageReference "GLMapSwift" */;
			productName = GLMap;
		};
		6C7CFD4E28D51D9A005D12FA /* GLRoute */ = {
			isa = XCSwiftPackageProductDependency;
			package = 6C7CFD3A28D4FCFF005D12FA /* XCRemoteSwiftPackageReference "GLMapSwift" */;
			productName = GLRoute;
		};
		6C7CFD5028D51D9A005D12FA /* GLSearch */ = {
			isa = XCSwiftPackageProductDependency;
			package = 6C7CFD3A28D4FCFF005D12FA /* XCRemoteSwiftPackageReference "GLMapSwift" */;
			productName = GLSearch;
		};
/* End XCSwiftPackageProductDependency section */
	};
	rootObject = 6C6C25521DD9F5F70060A241 /* Project object */;
}
