PODS:
  - GLMap (0.8.2)
  - GLMapSwift (0.8.2):
    - GLMap (= 0.8.2)

DEPENDENCIES:
  - GLMapSwift

SPEC CHECKSUMS:
  GLMap: 2efb4e48d6a0c40aef389c527feae021d30ede71
  GLMapSwift: e7e84472e60054c65ba732c74341dfc99e0ecb2a

PODFILE CHECKSUM: 1162096d0dd0129d9f844a7876ab99c6c1bea662

COCOAPODS: 1.2.0.beta.1
