PODS:
  - GLMap (0.8.5)
  - GLMapSwift (0.8.5):
    - GLMap (= 0.8.5)

DEPENDENCIES:
  - GLMapSwift

SPEC CHECKSUMS:
  GLMap: db43c9658ee938710fc5c4e490f5088fc97f5a1f
  GLMapSwift: 462045856c7d1eb6a7182c45bf8fe31d5848deb7

PODFILE CHECKSUM: 1162096d0dd0129d9f844a7876ab99c6c1bea662

COCOAPODS: 1.2.0
