PODS:
  - GLMap (0.8.11)
  - GLMapSwift (0.8.11):
    - GLMap (= 0.8.11)

DEPENDENCIES:
  - GLMapSwift

SPEC CHECKSUMS:
  GLMap: 005d19a2114ca7074fd71ab03224909d44f0282b
  GLMapSwift: a987a49eb945e23b9d587be5478ca8e638591e5a

PODFILE CHECKSUM: 1162096d0dd0129d9f844a7876ab99c6c1bea662

COCOAPODS: 1.2.1
