{
  "originHash" : "6ab9c7c44a4f111fcb1ecd65feff9ac62fef8670b5444df219b636966ca6b062",
  "pins" : [
    {
      "identity" : "glmapswift",
      "kind" : "remoteSourceControl",
      "location" : "https://github.com/GLMap/GLMapSwift",
      "state" : {
        "revision" : "da481dc60d2e04cd0814a81f6254d1e9e7f38a3c",
        "version" : "1.12.0"
      }
    }
  ],
  "version" : 3
}
