{
  "originHash" : "6ab9c7c44a4f111fcb1ecd65feff9ac62fef8670b5444df219b636966ca6b062",
  "pins" : [
    {
      "identity" : "glmapswift",
      "kind" : "remoteSourceControl",
      "location" : "https://github.com/GLMap/GLMapSwift",
      "state" : {
        "revision" : "5ef13ac14566f96e908c87176e71367db1cac643",
        "version" : "1.9.0"
      }
    }
  ],
  "version" : 3
}
