// !$*UTF8*$!
{
	archiveVersion = 1;
	classes = {
	};
	objectVersion = 54;
	objects = {

/* Begin PBXBuildFile section */
		6C255FB31DF02F3C0083815D /* DownloadMapsViewController.swift in Sources */ = {isa = PBXBuildFile; fileRef = 6C255FB11DF02F3C0083815D /* DownloadMapsViewController.swift */; };
		6C255FB41DF02F3C0083815D /* OSMTileSource.swift in Sources */ = {isa = PBXBuildFile; fileRef = 6C255FB21DF02F3C0083815D /* OSMTileSource.swift */; };
		6C4965B72F431FA200F3C6A3 /* gray_circle.svg in Resources */ = {isa = PBXBuildFile; fileRef = 6C49659C2F431FA200F3C6A3 /* gray_circle.svg */; };
		6C4965B82F431FA200F3C6A3 /* icon_gps_ipad.svg in Resources */ = {isa = PBXBuildFile; fileRef = 6C49659D2F431FA200F3C6A3 /* icon_gps_ipad.svg */; };
		6C4965B92F431FA200F3C6A3 /* nav_map_start.svg in Resources */ = {isa = PBXBuildFile; fileRef = 6C4965A22F431FA200F3C6A3 /* nav_map_start.svg */; };
		6C4965BA2F431FA200F3C6A3 /* arrow_right_135.svg in Resources */ = {isa = PBXBuildFile; fileRef = 6C4965922F431FA200F3C6A3 /* arrow_right_135.svg */; };
		6C4965BB2F431FA200F3C6A3 /* roundabout_enter.svg in Resources */ = {isa = PBXBuildFile; fileRef = 6C4965AB2F431FA200F3C6A3 /* roundabout_enter.svg */; };
		6C4965BC2F431FA200F3C6A3 /* ferry_exit.svg in Resources */ = {isa = PBXBuildFile; fileRef = 6C4965982F431FA200F3C6A3 /* ferry_exit.svg */; };
		6C4965BD2F431FA200F3C6A3 /* Montenegro.vm in Resources */ = {isa = PBXBuildFile; fileRef = 6C49659E2F431FA200F3C6A3 /* Montenegro.vm */; };
		6C4965BE2F431FA200F3C6A3 /* pin3@2x.png in Resources */ = {isa = PBXBuildFile; fileRef = 6C4965AA2F431FA200F3C6A3 /* pin3@2x.png */; };
		6C4965BF2F431FA200F3C6A3 /* pin2@2x.png in Resources */ = {isa = PBXBuildFile; fileRef = 6C4965A82F431FA200F3C6A3 /* pin2@2x.png */; };
		6C4965C02F431FA200F3C6A3 /* arrow_left_90.svg in Resources */ = {isa = PBXBuildFile; fileRef = 6C49658B2F431FA200F3C6A3 /* arrow_left_90.svg */; };
		6C4965C12F431FA200F3C6A3 /* pin2.png in Resources */ = {isa = PBXBuildFile; fileRef = 6C4965A72F431FA200F3C6A3 /* pin2.png */; };
		6C4965C22F431FA200F3C6A3 /* finish_right.svg in Resources */ = {isa = PBXBuildFile; fileRef = 6C49659B2F431FA200F3C6A3 /* finish_right.svg */; };
		6C4965C32F431FA200F3C6A3 /* nav_map_finish.svg in Resources */ = {isa = PBXBuildFile; fileRef = 6C4965A12F431FA200F3C6A3 /* nav_map_finish.svg */; };
		6C4965C42F431FA200F3C6A3 /* roundabout_exit.svg in Resources */ = {isa = PBXBuildFile; fileRef = 6C4965AC2F431FA200F3C6A3 /* roundabout_exit.svg */; };
		6C4965C52F431FA200F3C6A3 /* pin3.png in Resources */ = {isa = PBXBuildFile; fileRef = 6C4965A92F431FA200F3C6A3 /* pin3.png */; };
		6C4965C62F431FA200F3C6A3 /* route_button_act.svg in Resources */ = {isa = PBXBuildFile; fileRef = 6C4965AE2F431FA200F3C6A3 /* route_button_act.svg */; };
		6C4965C72F431FA200F3C6A3 /* arrow_left_45.svg in Resources */ = {isa = PBXBuildFile; fileRef = 6C4965892F431FA200F3C6A3 /* arrow_left_45.svg */; };
		6C4965C82F431FA200F3C6A3 /* nav_point_prev.svg in Resources */ = {isa = PBXBuildFile; fileRef = 6C4965A42F431FA200F3C6A3 /* nav_point_prev.svg */; };
		6C4965C92F431FA200F3C6A3 /* nav_point_next.svg in Resources */ = {isa = PBXBuildFile; fileRef = 6C4965A32F431FA200F3C6A3 /* nav_point_next.svg */; };
		6C4965CA2F431FA200F3C6A3 /* arrow_right.svg in Resources */ = {isa = PBXBuildFile; fileRef = 6C49658E2F431FA200F3C6A3 /* arrow_right.svg */; };
		6C4965CB2F431FA200F3C6A3 /* pin1.png in Resources */ = {isa = PBXBuildFile; fileRef = 6C4965A52F431FA200F3C6A3 /* pin1.png */; };
		6C4965CC2F431FA200F3C6A3 /* cluster.svg in Resources */ = {isa = PBXBuildFile; fileRef = 6C4965952F431FA200F3C6A3 /* cluster.svg */; };
		6C4965CD2F431FA200F3C6A3 /* arrow_left_180.svg in Resources */ = {isa = PBXBuildFile; fileRef = 6C49658D2F431FA200F3C6A3 /* arrow_left_180.svg */; };
		6C4965CE2F431FA200F3C6A3 /* finish_left.svg in Resources */ = {isa = PBXBuildFile; fileRef = 6C49659A2F431FA200F3C6A3 /* finish_left.svg */; };
		6C4965CF2F431FA200F3C6A3 /* route_button.svg in Resources */ = {isa = PBXBuildFile; fileRef = 6C4965AD2F431FA200F3C6A3 /* route_button.svg */; };
		6C4965D02F431FA200F3C6A3 /* uk_postcodes.geojson in Resources */ = {isa = PBXBuildFile; fileRef = 6C4965B22F431FA200F3C6A3 /* uk_postcodes.geojson */; };
		6C4965D12F431FA200F3C6A3 /* user_movement.svg in Resources */ = {isa = PBXBuildFile; fileRef = 6C4965B42F431FA200F3C6A3 /* user_movement.svg */; };
		6C4965D22F431FA200F3C6A3 /* finish.svg in Resources */ = {isa = PBXBuildFile; fileRef = 6C4965992F431FA200F3C6A3 /* finish.svg */; };
		6C4965D32F431FA200F3C6A3 /* arrow_straight.svg in Resources */ = {isa = PBXBuildFile; fileRef = 6C4965942F431FA200F3C6A3 /* arrow_straight.svg */; };
		6C4965D42F431FA200F3C6A3 /* pin1@2x.png in Resources */ = {isa = PBXBuildFile; fileRef = 6C4965A62F431FA200F3C6A3 /* pin1@2x.png */; };
		6C4965D52F431FA200F3C6A3 /* valhalla.json in Resources */ = {isa = PBXBuildFile; fileRef = 6C4965B52F431FA200F3C6A3 /* valhalla.json */; };
		6C4965D62F431FA200F3C6A3 /* arrow_right_180.svg in Resources */ = {isa = PBXBuildFile; fileRef = 6C4965932F431FA200F3C6A3 /* arrow_right_180.svg */; };
		6C4965D72F431FA200F3C6A3 /* nav_bottom_start.svg in Resources */ = {isa = PBXBuildFile; fileRef = 6C4965A02F431FA200F3C6A3 /* nav_bottom_start.svg */; };
		6C4965D82F431FA200F3C6A3 /* route_finish.svg in Resources */ = {isa = PBXBuildFile; fileRef = 6C4965AF2F431FA200F3C6A3 /* route_finish.svg */; };
		6C4965D92F431FA200F3C6A3 /* arrow_right_90.svg in Resources */ = {isa = PBXBuildFile; fileRef = 6C4965912F431FA200F3C6A3 /* arrow_right_90.svg */; };
		6C4965DA2F431FA200F3C6A3 /* ferry_enter.svg in Resources */ = {isa = PBXBuildFile; fileRef = 6C4965972F431FA200F3C6A3 /* ferry_enter.svg */; };
		6C4965DB2F431FA200F3C6A3 /* user_location.svg in Resources */ = {isa = PBXBuildFile; fileRef = 6C4965B32F431FA200F3C6A3 /* user_location.svg */; };
		6C4965DC2F431FA200F3C6A3 /* route_pause.svg in Resources */ = {isa = PBXBuildFile; fileRef = 6C4965B02F431FA200F3C6A3 /* route_pause.svg */; };
		6C4965DD2F431FA200F3C6A3 /* arrow_join.svg in Resources */ = {isa = PBXBuildFile; fileRef = 6C4965872F431FA200F3C6A3 /* arrow_join.svg */; };
		6C4965DE2F431FA200F3C6A3 /* track-arrow.svg in Resources */ = {isa = PBXBuildFile; fileRef = 6C4965B12F431FA200F3C6A3 /* track-arrow.svg */; };
		6C4965DF2F431FA200F3C6A3 /* nav_bottom_finish.svg in Resources */ = {isa = PBXBuildFile; fileRef = 6C49659F2F431FA200F3C6A3 /* nav_bottom_finish.svg */; };
		6C4965E02F431FA200F3C6A3 /* arrow_left_45_plus.svg in Resources */ = {isa = PBXBuildFile; fileRef = 6C49658A2F431FA200F3C6A3 /* arrow_left_45_plus.svg */; };
		6C4965E12F431FA200F3C6A3 /* arrow_left.svg in Resources */ = {isa = PBXBuildFile; fileRef = 6C4965882F431FA200F3C6A3 /* arrow_left.svg */; };
		6C4965E22F431FA200F3C6A3 /* arrow_right_45.svg in Resources */ = {isa = PBXBuildFile; fileRef = 6C49658F2F431FA200F3C6A3 /* arrow_right_45.svg */; };
		6C4965E32F431FA200F3C6A3 /* cluster_data.json in Resources */ = {isa = PBXBuildFile; fileRef = 6C4965962F431FA200F3C6A3 /* cluster_data.json */; };
		6C4965E42F431FA200F3C6A3 /* arrow_right_45_plus.svg in Resources */ = {isa = PBXBuildFile; fileRef = 6C4965902F431FA200F3C6A3 /* arrow_right_45_plus.svg */; };
		6C4965E52F431FA200F3C6A3 /* arrow_left_135.svg in Resources */ = {isa = PBXBuildFile; fileRef = 6C49658C2F431FA200F3C6A3 /* arrow_left_135.svg */; };
		6C4965E62F431FAA00F3C6A3 /* user_location.svg in Resources */ = {isa = PBXBuildFile; fileRef = 6C4965B32F431FA200F3C6A3 /* user_location.svg */; };
		6C4965E72F431FAA00F3C6A3 /* user_movement.svg in Resources */ = {isa = PBXBuildFile; fileRef = 6C4965B42F431FA200F3C6A3 /* user_movement.svg */; };
		6C6C255E1DD9F5F80060A241 /* AppDelegate.swift in Sources */ = {isa = PBXBuildFile; fileRef = 6C6C255D1DD9F5F80060A241 /* AppDelegate.swift */; };
		6C6C25601DD9F5F80060A241 /* ViewController.swift in Sources */ = {isa = PBXBuildFile; fileRef = 6C6C255F1DD9F5F80060A241 /* ViewController.swift */; };
		6C6C25631DD9F5F80060A241 /* Main.storyboard in Resources */ = {isa = PBXBuildFile; fileRef = 6C6C25611DD9F5F80060A241 /* Main.storyboard */; };
		6C6C25651DD9F5F80060A241 /* Assets.xcassets in Resources */ = {isa = PBXBuildFile; fileRef = 6C6C25641DD9F5F80060A241 /* Assets.xcassets */; };
		6C6C25681DD9F5F80060A241 /* LaunchScreen.storyboard in Resources */ = {isa = PBXBuildFile; fileRef = 6C6C25661DD9F5F80060A241 /* LaunchScreen.storyboard */; };
		6C6C25F51DDC75710060A241 /* MapViewController.swift in Sources */ = {isa = PBXBuildFile; fileRef = 6C6C25F41DDC75710060A241 /* MapViewController.swift */; };
		6C99B65F2A05097C00FBBF4F /* SwiftUIDemoApp.swift in Sources */ = {isa = PBXBuildFile; fileRef = 6C99B65E2A05097C00FBBF4F /* SwiftUIDemoApp.swift */; };
		6C99B6612A05097C00FBBF4F /* ContentView.swift in Sources */ = {isa = PBXBuildFile; fileRef = 6C99B6602A05097C00FBBF4F /* ContentView.swift */; };
		6C99B6632A05097D00FBBF4F /* Assets.xcassets in Resources */ = {isa = PBXBuildFile; fileRef = 6C99B6622A05097D00FBBF4F /* Assets.xcassets */; };
		6C99B6662A05097D00FBBF4F /* Preview Assets.xcassets in Resources */ = {isa = PBXBuildFile; fileRef = 6C99B6652A05097D00FBBF4F /* Preview Assets.xcassets */; };
		6C99B66C2A0509E100FBBF4F /* MoveMapExampleView.swift in Sources */ = {isa = PBXBuildFile; fileRef = 6C99B66A2A0509E100FBBF4F /* MoveMapExampleView.swift */; };
		6C99B66D2A0509E100FBBF4F /* ExampleList.swift in Sources */ = {isa = PBXBuildFile; fileRef = 6C99B66B2A0509E100FBBF4F /* ExampleList.swift */; };
		6C99B6712A050A5C00FBBF4F /* GLMapViewRepresentable.swift in Sources */ = {isa = PBXBuildFile; fileRef = 6C99B6702A050A5C00FBBF4F /* GLMapViewRepresentable.swift */; };
		6CEA4E231FF4D9F900AC3758 /* ImageGroup.swift in Sources */ = {isa = PBXBuildFile; fileRef = 6CEA4E221FF4D9F900AC3758 /* ImageGroup.swift */; };
		6CF670102F432B2D00BFAED6 /* GLMap in Frameworks */ = {isa = PBXBuildFile; productRef = 6CF6700F2F432B2D00BFAED6 /* GLMap */; };
		6CF670122F432B2D00BFAED6 /* GLRoute in Frameworks */ = {isa = PBXBuildFile; productRef = 6CF670112F432B2D00BFAED6 /* GLRoute */; };
		6CF670142F432B2D00BFAED6 /* GLSearch in Frameworks */ = {isa = PBXBuildFile; productRef = 6CF670132F432B2D00BFAED6 /* GLSearch */; };
		C1AE26DF24DBEE4E00474C31 /* RouteHelper.swift in Sources */ = {isa = PBXBuildFile; fileRef = C1AE26D624DBEE4E00474C31 /* RouteHelper.swift */; };
		C1AE26E024DBEE4E00474C31 /* RouteTrackerViewController.xib in Resources */ = {isa = PBXBuildFile; fileRef = C1AE26D724DBEE4E00474C31 /* RouteTrackerViewController.xib */; };
		C1AE26E124DBEE4E00474C31 /* RoutePoint.swift in Sources */ = {isa = PBXBuildFile; fileRef = C1AE26D824DBEE4E00474C31 /* RoutePoint.swift */; };
		C1AE26E224DBEE4E00474C31 /* RouteParams.swift in Sources */ = {isa = PBXBuildFile; fileRef = C1AE26D924DBEE4E00474C31 /* RouteParams.swift */; };
		C1AE26E324DBEE4E00474C31 /* Utils.swift in Sources */ = {isa = PBXBuildFile; fileRef = C1AE26DA24DBEE4E00474C31 /* Utils.swift */; };
		C1AE26E424DBEE4E00474C31 /* RouteTrackerViewController.swift in Sources */ = {isa = PBXBuildFile; fileRef = C1AE26DB24DBEE4E00474C31 /* RouteTrackerViewController.swift */; };
		C1AE26E524DBEE4E00474C31 /* BuildRouteTask.swift in Sources */ = {isa = PBXBuildFile; fileRef = C1AE26DC24DBEE4E00474C31 /* BuildRouteTask.swift */; };
		C1AE26E624DBEE4E00474C31 /* Formatters.swift in Sources */ = {isa = PBXBuildFile; fileRef = C1AE26DD24DBEE4E00474C31 /* Formatters.swift */; };
		C1AE26E724DBEE4E00474C31 /* Route.swift in Sources */ = {isa = PBXBuildFile; fileRef = C1AE26DE24DBEE4E00474C31 /* Route.swift */; };
		C1AE26E924DBEE6C00474C31 /* MapViewWithUserLocation.swift in Sources */ = {isa = PBXBuildFile; fileRef = C1AE26E824DBEE6C00474C31 /* MapViewWithUserLocation.swift */; };
/* End PBXBuildFile section */

/* Begin PBXFileReference section */
		6C255FB11DF02F3C0083815D /* DownloadMapsViewController.swift */ = {isa = PBXFileReference; fileEncoding = 4; lastKnownFileType = sourcecode.swift; path = DownloadMapsViewController.swift; sourceTree = "<group>"; };
		6C255FB21DF02F3C0083815D /* OSMTileSource.swift */ = {isa = PBXFileReference; fileEncoding = 4; lastKnownFileType = sourcecode.swift; path = OSMTileSource.swift; sourceTree = "<group>"; };
		6C4965872F431FA200F3C6A3 /* arrow_join.svg */ = {isa = PBXFileReference; lastKnownFileType = text; path = arrow_join.svg; sourceTree = "<group>"; };
		6C4965882F431FA200F3C6A3 /* arrow_left.svg */ = {isa = PBXFileReference; lastKnownFileType = text; path = arrow_left.svg; sourceTree = "<group>"; };
		6C4965892F431FA200F3C6A3 /* arrow_left_45.svg */ = {isa = PBXFileReference; lastKnownFileType = text; path = arrow_left_45.svg; sourceTree = "<group>"; };
		6C49658A2F431FA200F3C6A3 /* arrow_left_45_plus.svg */ = {isa = PBXFileReference; lastKnownFileType = text; path = arrow_left_45_plus.svg; sourceTree = "<group>"; };
		6C49658B2F431FA200F3C6A3 /* arrow_left_90.svg */ = {isa = PBXFileReference; lastKnownFileType = text; path = arrow_left_90.svg; sourceTree = "<group>"; };
		6C49658C2F431FA200F3C6A3 /* arrow_left_135.svg */ = {isa = PBXFileReference; lastKnownFileType = text; path = arrow_left_135.svg; sourceTree = "<group>"; };
		6C49658D2F431FA200F3C6A3 /* arrow_left_180.svg */ = {isa = PBXFileReference; lastKnownFileType = text; path = arrow_left_180.svg; sourceTree = "<group>"; };
		6C49658E2F431FA200F3C6A3 /* arrow_right.svg */ = {isa = PBXFileReference; lastKnownFileType = text; path = arrow_right.svg; sourceTree = "<group>"; };
		6C49658F2F431FA200F3C6A3 /* arrow_right_45.svg */ = {isa = PBXFileReference; lastKnownFileType = text; path = arrow_right_45.svg; sourceTree = "<group>"; };
		6C4965902F431FA200F3C6A3 /* arrow_right_45_plus.svg */ = {isa = PBXFileReference; lastKnownFileType = text; path = arrow_right_45_plus.svg; sourceTree = "<group>"; };
		6C4965912F431FA200F3C6A3 /* arrow_right_90.svg */ = {isa = PBXFileReference; lastKnownFileType = text; path = arrow_right_90.svg; sourceTree = "<group>"; };
		6C4965922F431FA200F3C6A3 /* arrow_right_135.svg */ = {isa = PBXFileReference; lastKnownFileType = text; path = arrow_right_135.svg; sourceTree = "<group>"; };
		6C4965932F431FA200F3C6A3 /* arrow_right_180.svg */ = {isa = PBXFileReference; lastKnownFileType = text; path = arrow_right_180.svg; sourceTree = "<group>"; };
		6C4965942F431FA200F3C6A3 /* arrow_straight.svg */ = {isa = PBXFileReference; lastKnownFileType = text; path = arrow_straight.svg; sourceTree = "<group>"; };
		6C4965952F431FA200F3C6A3 /* cluster.svg */ = {isa = PBXFileReference; lastKnownFileType = text.xml; path = cluster.svg; sourceTree = "<group>"; };
		6C4965962F431FA200F3C6A3 /* cluster_data.json */ = {isa = PBXFileReference; lastKnownFileType = text.json; path = cluster_data.json; sourceTree = "<group>"; };
		6C4965972F431FA200F3C6A3 /* ferry_enter.svg */ = {isa = PBXFileReference; lastKnownFileType = text; path = ferry_enter.svg; sourceTree = "<group>"; };
		6C4965982F431FA200F3C6A3 /* ferry_exit.svg */ = {isa = PBXFileReference; lastKnownFileType = text; path = ferry_exit.svg; sourceTree = "<group>"; };
		6C4965992F431FA200F3C6A3 /* finish.svg */ = {isa = PBXFileReference; lastKnownFileType = text; path = finish.svg; sourceTree = "<group>"; };
		6C49659A2F431FA200F3C6A3 /* finish_left.svg */ = {isa = PBXFileReference; lastKnownFileType = text; path = finish_left.svg; sourceTree = "<group>"; };
		6C49659B2F431FA200F3C6A3 /* finish_right.svg */ = {isa = PBXFileReference; lastKnownFileType = text; path = finish_right.svg; sourceTree = "<group>"; };
		6C49659C2F431FA200F3C6A3 /* gray_circle.svg */ = {isa = PBXFileReference; lastKnownFileType = text; path = gray_circle.svg; sourceTree = "<group>"; };
		6C49659D2F431FA200F3C6A3 /* icon_gps_ipad.svg */ = {isa = PBXFileReference; lastKnownFileType = text; path = icon_gps_ipad.svg; sourceTree = "<group>"; };
		6C49659E2F431FA200F3C6A3 /* Montenegro.vm */ = {isa = PBXFileReference; lastKnownFileType = file; path = Montenegro.vm; sourceTree = "<group>"; };
		6C49659F2F431FA200F3C6A3 /* nav_bottom_finish.svg */ = {isa = PBXFileReference; lastKnownFileType = text; path = nav_bottom_finish.svg; sourceTree = "<group>"; };
		6C4965A02F431FA200F3C6A3 /* nav_bottom_start.svg */ = {isa = PBXFileReference; lastKnownFileType = text; path = nav_bottom_start.svg; sourceTree = "<group>"; };
		6C4965A12F431FA200F3C6A3 /* nav_map_finish.svg */ = {isa = PBXFileReference; lastKnownFileType = text; path = nav_map_finish.svg; sourceTree = "<group>"; };
		6C4965A22F431FA200F3C6A3 /* nav_map_start.svg */ = {isa = PBXFileReference; lastKnownFileType = text; path = nav_map_start.svg; sourceTree = "<group>"; };
		6C4965A32F431FA200F3C6A3 /* nav_point_next.svg */ = {isa = PBXFileReference; lastKnownFileType = text; path = nav_point_next.svg; sourceTree = "<group>"; };
		6C4965A42F431FA200F3C6A3 /* nav_point_prev.svg */ = {isa = PBXFileReference; lastKnownFileType = text; path = nav_point_prev.svg; sourceTree = "<group>"; };
		6C4965A52F431FA200F3C6A3 /* pin1.png */ = {isa = PBXFileReference; lastKnownFileType = image.png; path = pin1.png; sourceTree = "<group>"; };
		6C4965A62F431FA200F3C6A3 /* pin1@2x.png */ = {isa = PBXFileReference; lastKnownFileType = image.png; path = "pin1@2x.png"; sourceTree = "<group>"; };
		6C4965A72F431FA200F3C6A3 /* pin2.png */ = {isa = PBXFileReference; lastKnownFileType = image.png; path = pin2.png; sourceTree = "<group>"; };
		6C4965A82F431FA200F3C6A3 /* pin2@2x.png */ = {isa = PBXFileReference; lastKnownFileType = image.png; path = "pin2@2x.png"; sourceTree = "<group>"; };
		6C4965A92F431FA200F3C6A3 /* pin3.png */ = {isa = PBXFileReference; lastKnownFileType = image.png; path = pin3.png; sourceTree = "<group>"; };
		6C4965AA2F431FA200F3C6A3 /* pin3@2x.png */ = {isa = PBXFileReference; lastKnownFileType = image.png; path = "pin3@2x.png"; sourceTree = "<group>"; };
		6C4965AB2F431FA200F3C6A3 /* roundabout_enter.svg */ = {isa = PBXFileReference; lastKnownFileType = text; path = roundabout_enter.svg; sourceTree = "<group>"; };
		6C4965AC2F431FA200F3C6A3 /* roundabout_exit.svg */ = {isa = PBXFileReference; lastKnownFileType = text; path = roundabout_exit.svg; sourceTree = "<group>"; };
		6C4965AD2F431FA200F3C6A3 /* route_button.svg */ = {isa = PBXFileReference; lastKnownFileType = text; path = route_button.svg; sourceTree = "<group>"; };
		6C4965AE2F431FA200F3C6A3 /* route_button_act.svg */ = {isa = PBXFileReference; lastKnownFileType = text; path = route_button_act.svg; sourceTree = "<group>"; };
		6C4965AF2F431FA200F3C6A3 /* route_finish.svg */ = {isa = PBXFileReference; lastKnownFileType = text; path = route_finish.svg; sourceTree = "<group>"; };
		6C4965B02F431FA200F3C6A3 /* route_pause.svg */ = {isa = PBXFileReference; lastKnownFileType = text; path = route_pause.svg; sourceTree = "<group>"; };
		6C4965B12F431FA200F3C6A3 /* track-arrow.svg */ = {isa = PBXFileReference; lastKnownFileType = text; path = "track-arrow.svg"; sourceTree = "<group>"; };
		6C4965B22F431FA200F3C6A3 /* uk_postcodes.geojson */ = {isa = PBXFileReference; lastKnownFileType = text; path = uk_postcodes.geojson; sourceTree = "<group>"; };
		6C4965B32F431FA200F3C6A3 /* user_location.svg */ = {isa = PBXFileReference; lastKnownFileType = text; path = user_location.svg; sourceTree = "<group>"; };
		6C4965B42F431FA200F3C6A3 /* user_movement.svg */ = {isa = PBXFileReference; lastKnownFileType = text; path = user_movement.svg; sourceTree = "<group>"; };
		6C4965B52F431FA200F3C6A3 /* valhalla.json */ = {isa = PBXFileReference; lastKnownFileType = text.json; path = valhalla.json; sourceTree = "<group>"; };
		6C6C255A1DD9F5F70060A241 /* SwiftDemo.app */ = {isa = PBXFileReference; explicitFileType = wrapper.application; includeInIndex = 0; path = SwiftDemo.app; sourceTree = BUILT_PRODUCTS_DIR; };
		6C6C255D1DD9F5F80060A241 /* AppDelegate.swift */ = {isa = PBXFileReference; lastKnownFileType = sourcecode.swift; path = AppDelegate.swift; sourceTree = "<group>"; };
		6C6C255F1DD9F5F80060A241 /* ViewController.swift */ = {isa = PBXFileReference; lastKnownFileType = sourcecode.swift; path = ViewController.swift; sourceTree = "<group>"; };
		6C6C25621DD9F5F80060A241 /* Base */ = {isa = PBXFileReference; lastKnownFileType = file.storyboard; name = Base; path = Base.lproj/Main.storyboard; sourceTree = "<group>"; };
		6C6C25641DD9F5F80060A241 /* Assets.xcassets */ = {isa = PBXFileReference; lastKnownFileType = folder.assetcatalog; path = Assets.xcassets; sourceTree = "<group>"; };
		6C6C25671DD9F5F80060A241 /* Base */ = {isa = PBXFileReference; lastKnownFileType = file.storyboard; name = Base; path = Base.lproj/LaunchScreen.storyboard; sourceTree = "<group>"; };
		6C6C25691DD9F5F80060A241 /* Info.plist */ = {isa = PBXFileReference; lastKnownFileType = text.plist.xml; path = Info.plist; sourceTree = "<group>"; };
		6C6C25F41DDC75710060A241 /* MapViewController.swift */ = {isa = PBXFileReference; fileEncoding = 4; lastKnownFileType = sourcecode.swift; path = MapViewController.swift; sourceTree = "<group>"; };
		6C99B65C2A05097C00FBBF4F /* SwiftUIDemo.app */ = {isa = PBXFileReference; explicitFileType = wrapper.application; includeInIndex = 0; path = SwiftUIDemo.app; sourceTree = BUILT_PRODUCTS_DIR; };
		6C99B65E2A05097C00FBBF4F /* SwiftUIDemoApp.swift */ = {isa = PBXFileReference; lastKnownFileType = sourcecode.swift; path = SwiftUIDemoApp.swift; sourceTree = "<group>"; };
		6C99B6602A05097C00FBBF4F /* ContentView.swift */ = {isa = PBXFileReference; lastKnownFileType = sourcecode.swift; path = ContentView.swift; sourceTree = "<group>"; };
		6C99B6622A05097D00FBBF4F /* Assets.xcassets */ = {isa = PBXFileReference; lastKnownFileType = folder.assetcatalog; path = Assets.xcassets; sourceTree = "<group>"; };
		6C99B6652A05097D00FBBF4F /* Preview Assets.xcassets */ = {isa = PBXFileReference; lastKnownFileType = folder.assetcatalog; path = "Preview Assets.xcassets"; sourceTree = "<group>"; };
		6C99B66A2A0509E100FBBF4F /* MoveMapExampleView.swift */ = {isa = PBXFileReference; fileEncoding = 4; lastKnownFileType = sourcecode.swift; path = MoveMapExampleView.swift; sourceTree = "<group>"; };
		6C99B66B2A0509E100FBBF4F /* ExampleList.swift */ = {isa = PBXFileReference; fileEncoding = 4; lastKnownFileType = sourcecode.swift; path = ExampleList.swift; sourceTree = "<group>"; };
		6C99B6702A050A5C00FBBF4F /* GLMapViewRepresentable.swift */ = {isa = PBXFileReference; fileEncoding = 4; lastKnownFileType = sourcecode.swift; path = GLMapViewRepresentable.swift; sourceTree = "<group>"; };
		6CEA4E221FF4D9F900AC3758 /* ImageGroup.swift */ = {isa = PBXFileReference; fileEncoding = 4; lastKnownFileType = sourcecode.swift; path = ImageGroup.swift; sourceTree = "<group>"; };
		C1AE26D624DBEE4E00474C31 /* RouteHelper.swift */ = {isa = PBXFileReference; fileEncoding = 4; lastKnownFileType = sourcecode.swift; path = RouteHelper.swift; sourceTree = "<group>"; };
		C1AE26D724DBEE4E00474C31 /* RouteTrackerViewController.xib */ = {isa = PBXFileReference; fileEncoding = 4; lastKnownFileType = file.xib; path = RouteTrackerViewController.xib; sourceTree = "<group>"; };
		C1AE26D824DBEE4E00474C31 /* RoutePoint.swift */ = {isa = PBXFileReference; fileEncoding = 4; lastKnownFileType = sourcecode.swift; path = RoutePoint.swift; sourceTree = "<group>"; };
		C1AE26D924DBEE4E00474C31 /* RouteParams.swift */ = {isa = PBXFileReference; fileEncoding = 4; lastKnownFileType = sourcecode.swift; path = RouteParams.swift; sourceTree = "<group>"; };
		C1AE26DA24DBEE4E00474C31 /* Utils.swift */ = {isa = PBXFileReference; fileEncoding = 4; lastKnownFileType = sourcecode.swift; path = Utils.swift; sourceTree = "<group>"; };
		C1AE26DB24DBEE4E00474C31 /* RouteTrackerViewController.swift */ = {isa = PBXFileReference; fileEncoding = 4; lastKnownFileType = sourcecode.swift; path = RouteTrackerViewController.swift; sourceTree = "<group>"; };
		C1AE26DC24DBEE4E00474C31 /* BuildRouteTask.swift */ = {isa = PBXFileReference; fileEncoding = 4; lastKnownFileType = sourcecode.swift; path = BuildRouteTask.swift; sourceTree = "<group>"; };
		C1AE26DD24DBEE4E00474C31 /* Formatters.swift */ = {isa = PBXFileReference; fileEncoding = 4; lastKnownFileType = sourcecode.swift; path = Formatters.swift; sourceTree = "<group>"; };
		C1AE26DE24DBEE4E00474C31 /* Route.swift */ = {isa = PBXFileReference; fileEncoding = 4; lastKnownFileType = sourcecode.swift; path = Route.swift; sourceTree = "<group>"; };
		C1AE26E824DBEE6C00474C31 /* MapViewWithUserLocation.swift */ = {isa = PBXFileReference; fileEncoding = 4; lastKnownFileType = sourcecode.swift; path = MapViewWithUserLocation.swift; sourceTree = "<group>"; };
/* End PBXFileReference section */

/* Begin PBXFrameworksBuildPhase section */
		6C6C25571DD9F5F70060A241 /* Frameworks */ = {
			isa = PBXFrameworksBuildPhase;
			buildActionMask = 2147483647;
			files = (
				6CF670102F432B2D00BFAED6 /* GLMap in Frameworks */,
				6CF670142F432B2D00BFAED6 /* GLSearch in Frameworks */,
				6CF670122F432B2D00BFAED6 /* GLRoute in Frameworks */,
			);
			runOnlyForDeploymentPostprocessing = 0;
		};
		6C99B6592A05097C00FBBF4F /* Frameworks */ = {
			isa = PBXFrameworksBuildPhase;
			buildActionMask = 2147483647;
			files = (
			);
			runOnlyForDeploymentPostprocessing = 0;
		};
/* End PBXFrameworksBuildPhase section */

/* Begin PBXGroup section */
		6C37B0E125DE6E70008D49B8 /* Frameworks */ = {
			isa = PBXGroup;
			children = (
			);
			name = Frameworks;
			sourceTree = "<group>";
		};
		6C4965B62F431FA200F3C6A3 /* Resources */ = {
			isa = PBXGroup;
			children = (
				6C4965872F431FA200F3C6A3 /* arrow_join.svg */,
				6C4965882F431FA200F3C6A3 /* arrow_left.svg */,
				6C4965892F431FA200F3C6A3 /* arrow_left_45.svg */,
				6C49658A2F431FA200F3C6A3 /* arrow_left_45_plus.svg */,
				6C49658B2F431FA200F3C6A3 /* arrow_left_90.svg */,
				6C49658C2F431FA200F3C6A3 /* arrow_left_135.svg */,
				6C49658D2F431FA200F3C6A3 /* arrow_left_180.svg */,
				6C49658E2F431FA200F3C6A3 /* arrow_right.svg */,
				6C49658F2F431FA200F3C6A3 /* arrow_right_45.svg */,
				6C4965902F431FA200F3C6A3 /* arrow_right_45_plus.svg */,
				6C4965912F431FA200F3C6A3 /* arrow_right_90.svg */,
				6C4965922F431FA200F3C6A3 /* arrow_right_135.svg */,
				6C4965932F431FA200F3C6A3 /* arrow_right_180.svg */,
				6C4965942F431FA200F3C6A3 /* arrow_straight.svg */,
				6C4965952F431FA200F3C6A3 /* cluster.svg */,
				6C4965962F431FA200F3C6A3 /* cluster_data.json */,
				6C4965972F431FA200F3C6A3 /* ferry_enter.svg */,
				6C4965982F431FA200F3C6A3 /* ferry_exit.svg */,
				6C4965992F431FA200F3C6A3 /* finish.svg */,
				6C49659A2F431FA200F3C6A3 /* finish_left.svg */,
				6C49659B2F431FA200F3C6A3 /* finish_right.svg */,
				6C49659C2F431FA200F3C6A3 /* gray_circle.svg */,
				6C49659D2F431FA200F3C6A3 /* icon_gps_ipad.svg */,
				6C49659E2F431FA200F3C6A3 /* Montenegro.vm */,
				6C49659F2F431FA200F3C6A3 /* nav_bottom_finish.svg */,
				6C4965A02F431FA200F3C6A3 /* nav_bottom_start.svg */,
				6C4965A12F431FA200F3C6A3 /* nav_map_finish.svg */,
				6C4965A22F431FA200F3C6A3 /* nav_map_start.svg */,
				6C4965A32F431FA200F3C6A3 /* nav_point_next.svg */,
				6C4965A42F431FA200F3C6A3 /* nav_point_prev.svg */,
				6C4965A52F431FA200F3C6A3 /* pin1.png */,
				6C4965A62F431FA200F3C6A3 /* pin1@2x.png */,
				6C4965A72F431FA200F3C6A3 /* pin2.png */,
				6C4965A82F431FA200F3C6A3 /* pin2@2x.png */,
				6C4965A92F431FA200F3C6A3 /* pin3.png */,
				6C4965AA2F431FA200F3C6A3 /* pin3@2x.png */,
				6C4965AB2F431FA200F3C6A3 /* roundabout_enter.svg */,
				6C4965AC2F431FA200F3C6A3 /* roundabout_exit.svg */,
				6C4965AD2F431FA200F3C6A3 /* route_button.svg */,
				6C4965AE2F431FA200F3C6A3 /* route_button_act.svg */,
				6C4965AF2F431FA200F3C6A3 /* route_finish.svg */,
				6C4965B02F431FA200F3C6A3 /* route_pause.svg */,
				6C4965B12F431FA200F3C6A3 /* track-arrow.svg */,
				6C4965B22F431FA200F3C6A3 /* uk_postcodes.geojson */,
				6C4965B32F431FA200F3C6A3 /* user_location.svg */,
				6C4965B42F431FA200F3C6A3 /* user_movement.svg */,
				6C4965B52F431FA200F3C6A3 /* valhalla.json */,
			);
			name = Resources;
			path = ../Resources;
			sourceTree = SOURCE_ROOT;
		};
		6C6C25511DD9F5F70060A241 = {
			isa = PBXGroup;
			children = (
				6C6C255C1DD9F5F70060A241 /* SwiftDemo */,
				6C99B65D2A05097C00FBBF4F /* SwiftUIDemo */,
				6C6C255B1DD9F5F70060A241 /* Products */,
				6C37B0E125DE6E70008D49B8 /* Frameworks */,
			);
			sourceTree = "<group>";
		};
		6C6C255B1DD9F5F70060A241 /* Products */ = {
			isa = PBXGroup;
			children = (
				6C6C255A1DD9F5F70060A241 /* SwiftDemo.app */,
				6C99B65C2A05097C00FBBF4F /* SwiftUIDemo.app */,
			);
			name = Products;
			sourceTree = "<group>";
		};
		6C6C255C1DD9F5F70060A241 /* SwiftDemo */ = {
			isa = PBXGroup;
			children = (
				6C4965B62F431FA200F3C6A3 /* Resources */,
				C1AE26D524DBEE4E00474C31 /* Routing */,
				6C6C255D1DD9F5F80060A241 /* AppDelegate.swift */,
				6C6C25641DD9F5F80060A241 /* Assets.xcassets */,
				6C255FB11DF02F3C0083815D /* DownloadMapsViewController.swift */,
				6CEA4E221FF4D9F900AC3758 /* ImageGroup.swift */,
				6C6C25691DD9F5F80060A241 /* Info.plist */,
				6C6C25661DD9F5F80060A241 /* LaunchScreen.storyboard */,
				6C6C25611DD9F5F80060A241 /* Main.storyboard */,
				6C6C25F41DDC75710060A241 /* MapViewController.swift */,
				C1AE26E824DBEE6C00474C31 /* MapViewWithUserLocation.swift */,
				6C255FB21DF02F3C0083815D /* OSMTileSource.swift */,
				6C6C255F1DD9F5F80060A241 /* ViewController.swift */,
			);
			path = SwiftDemo;
			sourceTree = "<group>";
		};
		6C99B65D2A05097C00FBBF4F /* SwiftUIDemo */ = {
			isa = PBXGroup;
			children = (
				6C99B6602A05097C00FBBF4F /* ContentView.swift */,
				6C99B66B2A0509E100FBBF4F /* ExampleList.swift */,
				6C99B6702A050A5C00FBBF4F /* GLMapViewRepresentable.swift */,
				6C99B66A2A0509E100FBBF4F /* MoveMapExampleView.swift */,
				6C99B65E2A05097C00FBBF4F /* SwiftUIDemoApp.swift */,
				6C99B6622A05097D00FBBF4F /* Assets.xcassets */,
				6C99B6642A05097D00FBBF4F /* Preview Content */,
			);
			path = SwiftUIDemo;
			sourceTree = "<group>";
		};
		6C99B6642A05097D00FBBF4F /* Preview Content */ = {
			isa = PBXGroup;
			children = (
				6C99B6652A05097D00FBBF4F /* Preview Assets.xcassets */,
			);
			path = "Preview Content";
			sourceTree = "<group>";
		};
		C1AE26D524DBEE4E00474C31 /* Routing */ = {
			isa = PBXGroup;
			children = (
				C1AE26D624DBEE4E00474C31 /* RouteHelper.swift */,
				C1AE26D724DBEE4E00474C31 /* RouteTrackerViewController.xib */,
				C1AE26D824DBEE4E00474C31 /* RoutePoint.swift */,
				C1AE26D924DBEE4E00474C31 /* RouteParams.swift */,
				C1AE26DA24DBEE4E00474C31 /* Utils.swift */,
				C1AE26DB24DBEE4E00474C31 /* RouteTrackerViewController.swift */,
				C1AE26DC24DBEE4E00474C31 /* BuildRouteTask.swift */,
				C1AE26DD24DBEE4E00474C31 /* Formatters.swift */,
				C1AE26DE24DBEE4E00474C31 /* Route.swift */,
			);
			path = Routing;
			sourceTree = "<group>";
		};
/* End PBXGroup section */

/* Begin PBXNativeTarget section */
		6C6C25591DD9F5F70060A241 /* SwiftDemo */ = {
			isa = PBXNativeTarget;
			buildConfigurationList = 6C6C256C1DD9F5F80060A241 /* Build configuration list for PBXNativeTarget "SwiftDemo" */;
			buildPhases = (
				6C6C25561DD9F5F70060A241 /* Sources */,
				6C6C25571DD9F5F70060A241 /* Frameworks */,
				6C6C25581DD9F5F70060A241 /* Resources */,
			);
			buildRules = (
			);
			dependencies = (
			);
			name = SwiftDemo;
			packageProductDependencies = (
				6CF6700F2F432B2D00BFAED6 /* GLMap */,
				6CF670112F432B2D00BFAED6 /* GLRoute */,
				6CF670132F432B2D00BFAED6 /* GLSearch */,
			);
			productName = SwiftDemo;
			productReference = 6C6C255A1DD9F5F70060A241 /* SwiftDemo.app */;
			productType = "com.apple.product-type.application";
		};
		6C99B65B2A05097C00FBBF4F /* SwiftUIDemo */ = {
			isa = PBXNativeTarget;
			buildConfigurationList = 6C99B6692A05097D00FBBF4F /* Build configuration list for PBXNativeTarget "SwiftUIDemo" */;
			buildPhases = (
				6C99B6582A05097C00FBBF4F /* Sources */,
				6C99B6592A05097C00FBBF4F /* Frameworks */,
				6C99B65A2A05097C00FBBF4F /* Resources */,
			);
			buildRules = (
			);
			dependencies = (
				6CF6700E2F432ACF00BFAED6 /* PBXTargetDependency */,
			);
			name = SwiftUIDemo;
			packageProductDependencies = (
			);
			productName = SwiftUIDemo;
			productReference = 6C99B65C2A05097C00FBBF4F /* SwiftUIDemo.app */;
			productType = "com.apple.product-type.application";
		};
/* End PBXNativeTarget section */

/* Begin PBXProject section */
		6C6C25521DD9F5F70060A241 /* Project object */ = {
			isa = PBXProject;
			attributes = {
				BuildIndependentTargetsInParallel = YES;
				LastSwiftUpdateCheck = 1420;
				LastUpgradeCheck = 2620;
				ORGANIZATIONNAME = "Evgen Bodunov";
				TargetAttributes = {
					6C6C25591DD9F5F70060A241 = {
						CreatedOnToolsVersion = 8.1;
						DevelopmentTeam = AS56W2YHKU;
						LastSwiftMigration = 1020;
						ProvisioningStyle = Automatic;
					};
					6C99B65B2A05097C00FBBF4F = {
						CreatedOnToolsVersion = 14.2;
					};
				};
			};
			buildConfigurationList = 6C6C25551DD9F5F70060A241 /* Build configuration list for PBXProject "SwiftDemo" */;
			compatibilityVersion = "Xcode 3.2";
			developmentRegion = en;
			hasScannedForEncodings = 0;
			knownRegions = (
				en,
				Base,
			);
			mainGroup = 6C6C25511DD9F5F70060A241;
			packageReferences = (
				6C25A2C92F43276B008AB68E /* XCRemoteSwiftPackageReference "GLMapSwift" */,
			);
			productRefGroup = 6C6C255B1DD9F5F70060A241 /* Products */;
			projectDirPath = "";
			projectRoot = "";
			targets = (
				6C6C25591DD9F5F70060A241 /* SwiftDemo */,
				6C99B65B2A05097C00FBBF4F /* SwiftUIDemo */,
			);
		};
/* End PBXProject section */

/* Begin PBXResourcesBuildPhase section */
		6C6C25581DD9F5F70060A241 /* Resources */ = {
			isa = PBXResourcesBuildPhase;
			buildActionMask = 2147483647;
			files = (
				6C6C25681DD9F5F80060A241 /* LaunchScreen.storyboard in Resources */,
				6C4965B72F431FA200F3C6A3 /* gray_circle.svg in Resources */,
				6C4965B82F431FA200F3C6A3 /* icon_gps_ipad.svg in Resources */,
				6C4965B92F431FA200F3C6A3 /* nav_map_start.svg in Resources */,
				6C4965BA2F431FA200F3C6A3 /* arrow_right_135.svg in Resources */,
				6C4965BB2F431FA200F3C6A3 /* roundabout_enter.svg in Resources */,
				6C4965BC2F431FA200F3C6A3 /* ferry_exit.svg in Resources */,
				6C4965BD2F431FA200F3C6A3 /* Montenegro.vm in Resources */,
				6C4965BE2F431FA200F3C6A3 /* pin3@2x.png in Resources */,
				6C4965BF2F431FA200F3C6A3 /* pin2@2x.png in Resources */,
				6C4965C02F431FA200F3C6A3 /* arrow_left_90.svg in Resources */,
				6C4965C12F431FA200F3C6A3 /* pin2.png in Resources */,
				6C4965C22F431FA200F3C6A3 /* finish_right.svg in Resources */,
				6C4965C32F431FA200F3C6A3 /* nav_map_finish.svg in Resources */,
				6C4965C42F431FA200F3C6A3 /* roundabout_exit.svg in Resources */,
				6C4965C52F431FA200F3C6A3 /* pin3.png in Resources */,
				6C4965C62F431FA200F3C6A3 /* route_button_act.svg in Resources */,
				6C4965C72F431FA200F3C6A3 /* arrow_left_45.svg in Resources */,
				6C4965C82F431FA200F3C6A3 /* nav_point_prev.svg in Resources */,
				6C4965C92F431FA200F3C6A3 /* nav_point_next.svg in Resources */,
				6C4965CA2F431FA200F3C6A3 /* arrow_right.svg in Resources */,
				6C4965CB2F431FA200F3C6A3 /* pin1.png in Resources */,
				6C4965CC2F431FA200F3C6A3 /* cluster.svg in Resources */,
				6C4965CD2F431FA200F3C6A3 /* arrow_left_180.svg in Resources */,
				6C4965CE2F431FA200F3C6A3 /* finish_left.svg in Resources */,
				6C4965CF2F431FA200F3C6A3 /* route_button.svg in Resources */,
				6C4965D02F431FA200F3C6A3 /* uk_postcodes.geojson in Resources */,
				6C4965D12F431FA200F3C6A3 /* user_movement.svg in Resources */,
				6C4965D22F431FA200F3C6A3 /* finish.svg in Resources */,
				6C4965D32F431FA200F3C6A3 /* arrow_straight.svg in Resources */,
				6C4965D42F431FA200F3C6A3 /* pin1@2x.png in Resources */,
				6C4965D52F431FA200F3C6A3 /* valhalla.json in Resources */,
				6C4965D62F431FA200F3C6A3 /* arrow_right_180.svg in Resources */,
				6C4965D72F431FA200F3C6A3 /* nav_bottom_start.svg in Resources */,
				6C4965D82F431FA200F3C6A3 /* route_finish.svg in Resources */,
				6C4965D92F431FA200F3C6A3 /* arrow_right_90.svg in Resources */,
				6C4965DA2F431FA200F3C6A3 /* ferry_enter.svg in Resources */,
				6C4965DB2F431FA200F3C6A3 /* user_location.svg in Resources */,
				6C4965DC2F431FA200F3C6A3 /* route_pause.svg in Resources */,
				6C4965DD2F431FA200F3C6A3 /* arrow_join.svg in Resources */,
				6C4965DE2F431FA200F3C6A3 /* track-arrow.svg in Resources */,
				6C4965DF2F431FA200F3C6A3 /* nav_bottom_finish.svg in Resources */,
				6C4965E02F431FA200F3C6A3 /* arrow_left_45_plus.svg in Resources */,
				6C4965E12F431FA200F3C6A3 /* arrow_left.svg in Resources */,
				6C4965E22F431FA200F3C6A3 /* arrow_right_45.svg in Resources */,
				6C4965E32F431FA200F3C6A3 /* cluster_data.json in Resources */,
				6C4965E42F431FA200F3C6A3 /* arrow_right_45_plus.svg in Resources */,
				6C4965E52F431FA200F3C6A3 /* arrow_left_135.svg in Resources */,
				6C6C25651DD9F5F80060A241 /* Assets.xcassets in Resources */,
				C1AE26E024DBEE4E00474C31 /* RouteTrackerViewController.xib in Resources */,
				6C6C25631DD9F5F80060A241 /* Main.storyboard in Resources */,
			);
			runOnlyForDeploymentPostprocessing = 0;
		};
		6C99B65A2A05097C00FBBF4F /* Resources */ = {
			isa = PBXResourcesBuildPhase;
			buildActionMask = 2147483647;
			files = (
				6C99B6662A05097D00FBBF4F /* Preview Assets.xcassets in Resources */,
				6C4965E62F431FAA00F3C6A3 /* user_location.svg in Resources */,
				6C4965E72F431FAA00F3C6A3 /* user_movement.svg in Resources */,
				6C99B6632A05097D00FBBF4F /* Assets.xcassets in Resources */,
			);
			runOnlyForDeploymentPostprocessing = 0;
		};
/* End PBXResourcesBuildPhase section */

/* Begin PBXSourcesBuildPhase section */
		6C6C25561DD9F5F70060A241 /* Sources */ = {
			isa = PBXSourcesBuildPhase;
			buildActionMask = 2147483647;
			files = (
				6C6C25601DD9F5F80060A241 /* ViewController.swift in Sources */,
				C1AE26E624DBEE4E00474C31 /* Formatters.swift in Sources */,
				C1AE26E524DBEE4E00474C31 /* BuildRouteTask.swift in Sources */,
				C1AE26DF24DBEE4E00474C31 /* RouteHelper.swift in Sources */,
				6CEA4E231FF4D9F900AC3758 /* ImageGroup.swift in Sources */,
				C1AE26E724DBEE4E00474C31 /* Route.swift in Sources */,
				6C6C25F51DDC75710060A241 /* MapViewController.swift in Sources */,
				C1AE26E124DBEE4E00474C31 /* RoutePoint.swift in Sources */,
				C1AE26E324DBEE4E00474C31 /* Utils.swift in Sources */,
				6C255FB41DF02F3C0083815D /* OSMTileSource.swift in Sources */,
				C1AE26E424DBEE4E00474C31 /* RouteTrackerViewController.swift in Sources */,
				C1AE26E924DBEE6C00474C31 /* MapViewWithUserLocation.swift in Sources */,
				C1AE26E224DBEE4E00474C31 /* RouteParams.swift in Sources */,
				6C255FB31DF02F3C0083815D /* DownloadMapsViewController.swift in Sources */,
				6C6C255E1DD9F5F80060A241 /* AppDelegate.swift in Sources */,
			);
			runOnlyForDeploymentPostprocessing = 0;
		};
		6C99B6582A05097C00FBBF4F /* Sources */ = {
			isa = PBXSourcesBuildPhase;
			buildActionMask = 2147483647;
			files = (
				6C99B66D2A0509E100FBBF4F /* ExampleList.swift in Sources */,
				6C99B6612A05097C00FBBF4F /* ContentView.swift in Sources */,
				6C99B65F2A05097C00FBBF4F /* SwiftUIDemoApp.swift in Sources */,
				6C99B66C2A0509E100FBBF4F /* MoveMapExampleView.swift in Sources */,
				6C99B6712A050A5C00FBBF4F /* GLMapViewRepresentable.swift in Sources */,
			);
			runOnlyForDeploymentPostprocessing = 0;
		};
/* End PBXSourcesBuildPhase section */

/* Begin PBXTargetDependency section */
		6CF6700E2F432ACF00BFAED6 /* PBXTargetDependency */ = {
			isa = PBXTargetDependency;
			productRef = 6CF6700D2F432ACF00BFAED6 /* GLMap */;
		};
/* End PBXTargetDependency section */

/* Begin PBXVariantGroup section */
		6C6C25611DD9F5F80060A241 /* Main.storyboard */ = {
			isa = PBXVariantGroup;
			children = (
				6C6C25621DD9F5F80060A241 /* Base */,
			);
			name = Main.storyboard;
			sourceTree = "<group>";
		};
		6C6C25661DD9F5F80060A241 /* LaunchScreen.storyboard */ = {
			isa = PBXVariantGroup;
			children = (
				6C6C25671DD9F5F80060A241 /* Base */,
			);
			name = LaunchScreen.storyboard;
			sourceTree = "<group>";
		};
/* End PBXVariantGroup section */

/* Begin XCBuildConfiguration section */
		6C6C256A1DD9F5F80060A241 /* Debug */ = {
			isa = XCBuildConfiguration;
			buildSettings = {
				ALWAYS_SEARCH_USER_PATHS = NO;
				CLANG_ANALYZER_LOCALIZABILITY_NONLOCALIZED = YES;
				CLANG_ANALYZER_NONNULL = YES;
				CLANG_CXX_LANGUAGE_STANDARD = "gnu++0x";
				CLANG_CXX_LIBRARY = "libc++";
				CLANG_ENABLE_MODULES = YES;
				CLANG_ENABLE_OBJC_ARC = YES;
				CLANG_WARN_BLOCK_CAPTURE_AUTORELEASING = YES;
				CLANG_WARN_BOOL_CONVERSION = YES;
				CLANG_WARN_COMMA = YES;
				CLANG_WARN_CONSTANT_CONVERSION = YES;
				CLANG_WARN_DEPRECATED_OBJC_IMPLEMENTATIONS = YES;
				CLANG_WARN_DIRECT_OBJC_ISA_USAGE = YES_ERROR;
				CLANG_WARN_DOCUMENTATION_COMMENTS = YES;
				CLANG_WARN_EMPTY_BODY = YES;
				CLANG_WARN_ENUM_CONVERSION = YES;
				CLANG_WARN_INFINITE_RECURSION = YES;
				CLANG_WARN_INT_CONVERSION = YES;
				CLANG_WARN_NON_LITERAL_NULL_CONVERSION = YES;
				CLANG_WARN_OBJC_IMPLICIT_RETAIN_SELF = YES;
				CLANG_WARN_OBJC_LITERAL_CONVERSION = YES;
				CLANG_WARN_OBJC_ROOT_CLASS = YES_ERROR;
				CLANG_WARN_QUOTED_INCLUDE_IN_FRAMEWORK_HEADER = YES;
				CLANG_WARN_RANGE_LOOP_ANALYSIS = YES;
				CLANG_WARN_STRICT_PROTOTYPES = YES;
				CLANG_WARN_SUSPICIOUS_MOVE = YES;
				CLANG_WARN_SUSPICIOUS_MOVES = YES;
				CLANG_WARN_UNREACHABLE_CODE = YES;
				CLANG_WARN__DUPLICATE_METHOD_MATCH = YES;
				"CODE_SIGN_IDENTITY[sdk=iphoneos*]" = "iPhone Developer";
				COPY_PHASE_STRIP = NO;
				DEBUG_INFORMATION_FORMAT = dwarf;
				ENABLE_STRICT_OBJC_MSGSEND = YES;
				ENABLE_TESTABILITY = YES;
				ENABLE_USER_SCRIPT_SANDBOXING = YES;
				GCC_C_LANGUAGE_STANDARD = gnu99;
				GCC_DYNAMIC_NO_PIC = NO;
				GCC_NO_COMMON_BLOCKS = YES;
				GCC_OPTIMIZATION_LEVEL = 0;
				GCC_PREPROCESSOR_DEFINITIONS = (
					"DEBUG=1",
					"$(inherited)",
				);
				GCC_WARN_64_TO_32_BIT_CONVERSION = YES;
				GCC_WARN_ABOUT_RETURN_TYPE = YES_ERROR;
				GCC_WARN_UNDECLARED_SELECTOR = YES;
				GCC_WARN_UNINITIALIZED_AUTOS = YES_AGGRESSIVE;
				GCC_WARN_UNUSED_FUNCTION = YES;
				GCC_WARN_UNUSED_VARIABLE = YES;
				IPHONEOS_DEPLOYMENT_TARGET = 13.0;
				MTL_ENABLE_DEBUG_INFO = YES;
				ONLY_ACTIVE_ARCH = YES;
				SDKROOT = iphoneos;
				SWIFT_ACTIVE_COMPILATION_CONDITIONS = DEBUG;
				SWIFT_OPTIMIZATION_LEVEL = "-Onone";
				TARGETED_DEVICE_FAMILY = "1,2";
			};
			name = Debug;
		};
		6C6C256B1DD9F5F80060A241 /* Release */ = {
			isa = XCBuildConfiguration;
			buildSettings = {
				ALWAYS_SEARCH_USER_PATHS = NO;
				CLANG_ANALYZER_LOCALIZABILITY_NONLOCALIZED = YES;
				CLANG_ANALYZER_NONNULL = YES;
				CLANG_CXX_LANGUAGE_STANDARD = "gnu++0x";
				CLANG_CXX_LIBRARY = "libc++";
				CLANG_ENABLE_MODULES = YES;
				CLANG_ENABLE_OBJC_ARC = YES;
				CLANG_WARN_BLOCK_CAPTURE_AUTORELEASING = YES;
				CLANG_WARN_BOOL_CONVERSION = YES;
				CLANG_WARN_COMMA = YES;
				CLANG_WARN_CONSTANT_CONVERSION = YES;
				CLANG_WARN_DEPRECATED_OBJC_IMPLEMENTATIONS = YES;
				CLANG_WARN_DIRECT_OBJC_ISA_USAGE = YES_ERROR;
				CLANG_WARN_DOCUMENTATION_COMMENTS = YES;
				CLANG_WARN_EMPTY_BODY = YES;
				CLANG_WARN_ENUM_CONVERSION = YES;
				CLANG_WARN_INFINITE_RECURSION = YES;
				CLANG_WARN_INT_CONVERSION = YES;
				CLANG_WARN_NON_LITERAL_NULL_CONVERSION = YES;
				CLANG_WARN_OBJC_IMPLICIT_RETAIN_SELF = YES;
				CLANG_WARN_OBJC_LITERAL_CONVERSION = YES;
				CLANG_WARN_OBJC_ROOT_CLASS = YES_ERROR;
				CLANG_WARN_QUOTED_INCLUDE_IN_FRAMEWORK_HEADER = YES;
				CLANG_WARN_RANGE_LOOP_ANALYSIS = YES;
				CLANG_WARN_STRICT_PROTOTYPES = YES;
				CLANG_WARN_SUSPICIOUS_MOVE = YES;
				CLANG_WARN_SUSPICIOUS_MOVES = YES;
				CLANG_WARN_UNREACHABLE_CODE = YES;
				CLANG_WARN__DUPLICATE_METHOD_MATCH = YES;
				"CODE_SIGN_IDENTITY[sdk=iphoneos*]" = "iPhone Developer";
				COPY_PHASE_STRIP = NO;
				DEBUG_INFORMATION_FORMAT = "dwarf-with-dsym";
				ENABLE_NS_ASSERTIONS = NO;
				ENABLE_STRICT_OBJC_MSGSEND = YES;
				ENABLE_USER_SCRIPT_SANDBOXING = YES;
				GCC_C_LANGUAGE_STANDARD = gnu99;
				GCC_NO_COMMON_BLOCKS = YES;
				GCC_WARN_64_TO_32_BIT_CONVERSION = YES;
				GCC_WARN_ABOUT_RETURN_TYPE = YES_ERROR;
				GCC_WARN_UNDECLARED_SELECTOR = YES;
				GCC_WARN_UNINITIALIZED_AUTOS = YES_AGGRESSIVE;
				GCC_WARN_UNUSED_FUNCTION = YES;
				GCC_WARN_UNUSED_VARIABLE = YES;
				IPHONEOS_DEPLOYMENT_TARGET = 13.0;
				MTL_ENABLE_DEBUG_INFO = NO;
				SDKROOT = iphoneos;
				SWIFT_COMPILATION_MODE = wholemodule;
				SWIFT_OPTIMIZATION_LEVEL = "-O";
				TARGETED_DEVICE_FAMILY = "1,2";
				VALIDATE_PRODUCT = YES;
			};
			name = Release;
		};
		6C6C256D1DD9F5F80060A241 /* Debug */ = {
			isa = XCBuildConfiguration;
			buildSettings = {
				ASSETCATALOG_COMPILER_APPICON_NAME = AppIcon;
				DEVELOPMENT_TEAM = AS56W2YHKU;
				INFOPLIST_FILE = SwiftDemo/Info.plist;
				LD_RUNPATH_SEARCH_PATHS = (
					"$(inherited)",
					"@executable_path/Frameworks",
				);
				PRODUCT_BUNDLE_IDENTIFIER = com.getyourmap.demo.swift;
				PRODUCT_NAME = "$(TARGET_NAME)";
				SWIFT_VERSION = 5.0;
			};
			name = Debug;
		};
		6C6C256E1DD9F5F80060A241 /* Release */ = {
			isa = XCBuildConfiguration;
			buildSettings = {
				ASSETCATALOG_COMPILER_APPICON_NAME = AppIcon;
				DEVELOPMENT_TEAM = AS56W2YHKU;
				INFOPLIST_FILE = SwiftDemo/Info.plist;
				LD_RUNPATH_SEARCH_PATHS = (
					"$(inherited)",
					"@executable_path/Frameworks",
				);
				PRODUCT_BUNDLE_IDENTIFIER = com.getyourmap.demo.swift;
				PRODUCT_NAME = "$(TARGET_NAME)";
				SWIFT_VERSION = 5.0;
			};
			name = Release;
		};
		6C99B6672A05097D00FBBF4F /* Debug */ = {
			isa = XCBuildConfiguration;
			buildSettings = {
				ASSETCATALOG_COMPILER_APPICON_NAME = AppIcon;
				ASSETCATALOG_COMPILER_GLOBAL_ACCENT_COLOR_NAME = AccentColor;
				CLANG_ANALYZER_NUMBER_OBJECT_CONVERSION = YES_AGGRESSIVE;
				CLANG_CXX_LANGUAGE_STANDARD = "gnu++20";
				CLANG_ENABLE_OBJC_WEAK = YES;
				CLANG_WARN_UNGUARDED_AVAILABILITY = YES_AGGRESSIVE;
				CODE_SIGN_STYLE = Automatic;
				CURRENT_PROJECT_VERSION = 1;
				DEVELOPMENT_ASSET_PATHS = "\"SwiftUIDemo/Preview Content\"";
				DEVELOPMENT_TEAM = AS56W2YHKU;
				ENABLE_PREVIEWS = YES;
				GCC_C_LANGUAGE_STANDARD = gnu11;
				GENERATE_INFOPLIST_FILE = YES;
				INFOPLIST_KEY_UIApplicationSceneManifest_Generation = YES;
				INFOPLIST_KEY_UIApplicationSupportsIndirectInputEvents = YES;
				INFOPLIST_KEY_UILaunchScreen_Generation = YES;
				INFOPLIST_KEY_UISupportedInterfaceOrientations_iPad = "UIInterfaceOrientationPortrait UIInterfaceOrientationPortraitUpsideDown UIInterfaceOrientationLandscapeLeft UIInterfaceOrientationLandscapeRight";
				INFOPLIST_KEY_UISupportedInterfaceOrientations_iPhone = "UIInterfaceOrientationPortrait UIInterfaceOrientationLandscapeLeft UIInterfaceOrientationLandscapeRight";
				IPHONEOS_DEPLOYMENT_TARGET = 16.2;
				LD_RUNPATH_SEARCH_PATHS = (
					"$(inherited)",
					"@executable_path/Frameworks",
				);
				MARKETING_VERSION = 1.0;
				MTL_ENABLE_DEBUG_INFO = INCLUDE_SOURCE;
				MTL_FAST_MATH = YES;
				PRODUCT_BUNDLE_IDENTIFIER = com.getyormap.demo.SwiftUIDemo;
				PRODUCT_NAME = "$(TARGET_NAME)";
				SUPPORTED_PLATFORMS = "iphoneos iphonesimulator macosx";
				SUPPORTS_MACCATALYST = NO;
				SUPPORTS_MAC_DESIGNED_FOR_IPHONE_IPAD = NO;
				SWIFT_EMIT_LOC_STRINGS = YES;
				SWIFT_VERSION = 5.0;
				TARGETED_DEVICE_FAMILY = "1,2";
			};
			name = Debug;
		};
		6C99B6682A05097D00FBBF4F /* Release */ = {
			isa = XCBuildConfiguration;
			buildSettings = {
				ASSETCATALOG_COMPILER_APPICON_NAME = AppIcon;
				ASSETCATALOG_COMPILER_GLOBAL_ACCENT_COLOR_NAME = AccentColor;
				CLANG_ANALYZER_NUMBER_OBJECT_CONVERSION = YES_AGGRESSIVE;
				CLANG_CXX_LANGUAGE_STANDARD = "gnu++20";
				CLANG_ENABLE_OBJC_WEAK = YES;
				CLANG_WARN_UNGUARDED_AVAILABILITY = YES_AGGRESSIVE;
				CODE_SIGN_STYLE = Automatic;
				CURRENT_PROJECT_VERSION = 1;
				DEVELOPMENT_ASSET_PATHS = "\"SwiftUIDemo/Preview Content\"";
				DEVELOPMENT_TEAM = AS56W2YHKU;
				ENABLE_PREVIEWS = YES;
				GCC_C_LANGUAGE_STANDARD = gnu11;
				GENERATE_INFOPLIST_FILE = YES;
				INFOPLIST_KEY_UIApplicationSceneManifest_Generation = YES;
				INFOPLIST_KEY_UIApplicationSupportsIndirectInputEvents = YES;
				INFOPLIST_KEY_UILaunchScreen_Generation = YES;
				INFOPLIST_KEY_UISupportedInterfaceOrientations_iPad = "UIInterfaceOrientationPortrait UIInterfaceOrientationPortraitUpsideDown UIInterfaceOrientationLandscapeLeft UIInterfaceOrientationLandscapeRight";
				INFOPLIST_KEY_UISupportedInterfaceOrientations_iPhone = "UIInterfaceOrientationPortrait UIInterfaceOrientationLandscapeLeft UIInterfaceOrientationLandscapeRight";
				IPHONEOS_DEPLOYMENT_TARGET = 16.2;
				LD_RUNPATH_SEARCH_PATHS = (
					"$(inherited)",
					"@executable_path/Frameworks",
				);
				MARKETING_VERSION = 1.0;
				MTL_FAST_MATH = YES;
				PRODUCT_BUNDLE_IDENTIFIER = com.getyormap.demo.SwiftUIDemo;
				PRODUCT_NAME = "$(TARGET_NAME)";
				SUPPORTED_PLATFORMS = "iphoneos iphonesimulator macosx";
				SUPPORTS_MACCATALYST = NO;
				SUPPORTS_MAC_DESIGNED_FOR_IPHONE_IPAD = NO;
				SWIFT_EMIT_LOC_STRINGS = YES;
				SWIFT_VERSION = 5.0;
				TARGETED_DEVICE_FAMILY = "1,2";
			};
			name = Release;
		};
/* End XCBuildConfiguration section */

/* Begin XCConfigurationList section */
		6C6C25551DD9F5F70060A241 /* Build configuration list for PBXProject "SwiftDemo" */ = {
			isa = XCConfigurationList;
			buildConfigurations = (
				6C6C256A1DD9F5F80060A241 /* Debug */,
				6C6C256B1DD9F5F80060A241 /* Release */,
			);
			defaultConfigurationIsVisible = 0;
			defaultConfigurationName = Release;
		};
		6C6C256C1DD9F5F80060A241 /* Build configuration list for PBXNativeTarget "SwiftDemo" */ = {
			isa = XCConfigurationList;
			buildConfigurations = (
				6C6C256D1DD9F5F80060A241 /* Debug */,
				6C6C256E1DD9F5F80060A241 /* Release */,
			);
			defaultConfigurationIsVisible = 0;
			defaultConfigurationName = Release;
		};
		6C99B6692A05097D00FBBF4F /* Build configuration list for PBXNativeTarget "SwiftUIDemo" */ = {
			isa = XCConfigurationList;
			buildConfigurations = (
				6C99B6672A05097D00FBBF4F /* Debug */,
				6C99B6682A05097D00FBBF4F /* Release */,
			);
			defaultConfigurationIsVisible = 0;
			defaultConfigurationName = Release;
		};
/* End XCConfigurationList section */

/* Begin XCRemoteSwiftPackageReference section */
		6C25A2C92F43276B008AB68E /* XCRemoteSwiftPackageReference "GLMapSwift" */ = {
			isa = XCRemoteSwiftPackageReference;
			repositoryURL = "https://github.com/GLMap/GLMapSwift";
			requirement = {
				kind = upToNextMajorVersion;
				minimumVersion = 1.13.0;
			};
		};
/* End XCRemoteSwiftPackageReference section */

/* Begin XCSwiftPackageProductDependency section */
		6CF6700D2F432ACF00BFAED6 /* GLMap */ = {
			isa = XCSwiftPackageProductDependency;
			package = 6C25A2C92F43276B008AB68E /* XCRemoteSwiftPackageReference "GLMapSwift" */;
			productName = GLMap;
		};
		6CF6700F2F432B2D00BFAED6 /* GLMap */ = {
			isa = XCSwiftPackageProductDependency;
			package = 6C25A2C92F43276B008AB68E /* XCRemoteSwiftPackageReference "GLMapSwift" */;
			productName = GLMap;
		};
		6CF670112F432B2D00BFAED6 /* GLRoute */ = {
			isa = XCSwiftPackageProductDependency;
			package = 6C25A2C92F43276B008AB68E /* XCRemoteSwiftPackageReference "GLMapSwift" */;
			productName = GLRoute;
		};
		6CF670132F432B2D00BFAED6 /* GLSearch */ = {
			isa = XCSwiftPackageProductDependency;
			package = 6C25A2C92F43276B008AB68E /* XCRemoteSwiftPackageReference "GLMapSwift" */;
			productName = GLSearch;
		};
/* End XCSwiftPackageProductDependency section */
	};
	rootObject = 6C6C25521DD9F5F70060A241 /* Project object */;
}
