// !$*UTF8*$!
{
	archiveVersion = 1;
	classes = {
	};
	objectVersion = 46;
	objects = {

/* Begin PBXBuildFile section */
		6C255FB31DF02F3C0083815D /* DownloadMapsViewController.swift in Sources */ = {isa = PBXBuildFile; fileRef = 6C255FB11DF02F3C0083815D /* DownloadMapsViewController.swift */; };
		6C255FB41DF02F3C0083815D /* OSMTileSource.swift in Sources */ = {isa = PBXBuildFile; fileRef = 6C255FB21DF02F3C0083815D /* OSMTileSource.swift */; };
		6C558A96224B65360095E602 /* uk_postcodes.geojson in Resources */ = {isa = PBXBuildFile; fileRef = 6C558A95224B65360095E602 /* uk_postcodes.geojson */; };
		6C6C255E1DD9F5F80060A241 /* AppDelegate.swift in Sources */ = {isa = PBXBuildFile; fileRef = 6C6C255D1DD9F5F80060A241 /* AppDelegate.swift */; };
		6C6C25601DD9F5F80060A241 /* ViewController.swift in Sources */ = {isa = PBXBuildFile; fileRef = 6C6C255F1DD9F5F80060A241 /* ViewController.swift */; };
		6C6C25631DD9F5F80060A241 /* Main.storyboard in Resources */ = {isa = PBXBuildFile; fileRef = 6C6C25611DD9F5F80060A241 /* Main.storyboard */; };
		6C6C25651DD9F5F80060A241 /* Assets.xcassets in Resources */ = {isa = PBXBuildFile; fileRef = 6C6C25641DD9F5F80060A241 /* Assets.xcassets */; };
		6C6C25681DD9F5F80060A241 /* LaunchScreen.storyboard in Resources */ = {isa = PBXBuildFile; fileRef = 6C6C25661DD9F5F80060A241 /* LaunchScreen.storyboard */; };
		6C6C25F51DDC75710060A241 /* MapViewController.swift in Sources */ = {isa = PBXBuildFile; fileRef = 6C6C25F41DDC75710060A241 /* MapViewController.swift */; };
		6C6C26291DDDF1540060A241 /* Montenegro.vm in Resources */ = {isa = PBXBuildFile; fileRef = 6C6C261D1DDDF1540060A241 /* Montenegro.vm */; };
		6C6C262A1DDDF1540060A241 /* pin1.png in Resources */ = {isa = PBXBuildFile; fileRef = 6C6C261E1DDDF1540060A241 /* pin1.png */; };
		6C6C262B1DDDF1540060A241 /* pin1@2x.png in Resources */ = {isa = PBXBuildFile; fileRef = 6C6C261F1DDDF1540060A241 /* pin1@2x.png */; };
		6C6C262C1DDDF1540060A241 /* pin2.png in Resources */ = {isa = PBXBuildFile; fileRef = 6C6C26201DDDF1540060A241 /* pin2.png */; };
		6C6C262D1DDDF1540060A241 /* pin2@2x.png in Resources */ = {isa = PBXBuildFile; fileRef = 6C6C26211DDDF1540060A241 /* pin2@2x.png */; };
		6C6C262E1DDDF1540060A241 /* pin3.png in Resources */ = {isa = PBXBuildFile; fileRef = 6C6C26221DDDF1540060A241 /* pin3.png */; };
		6C6C262F1DDDF1540060A241 /* pin3@2x.png in Resources */ = {isa = PBXBuildFile; fileRef = 6C6C26231DDDF1540060A241 /* pin3@2x.png */; };
		6C780D0621088724008410F6 /* valhalla.json in Resources */ = {isa = PBXBuildFile; fileRef = 6C780D0421088724008410F6 /* valhalla.json */; };
		6C780D0721088724008410F6 /* track-arrow.svgpb in Resources */ = {isa = PBXBuildFile; fileRef = 6C780D0521088724008410F6 /* track-arrow.svgpb */; };
		6CB9196C1E0D515500FBCF75 /* cluster_data.json in Resources */ = {isa = PBXBuildFile; fileRef = 6CB9196A1E0D515500FBCF75 /* cluster_data.json */; };
		6CB9196D1E0D515500FBCF75 /* cluster.svgpb in Resources */ = {isa = PBXBuildFile; fileRef = 6CB9196B1E0D515500FBCF75 /* cluster.svgpb */; };
		6CEA4E231FF4D9F900AC3758 /* ImageGroup.swift in Sources */ = {isa = PBXBuildFile; fileRef = 6CEA4E221FF4D9F900AC3758 /* ImageGroup.swift */; };
		B12C299DC77911C99C98F819 /* Pods_SwiftDemo.framework in Frameworks */ = {isa = PBXBuildFile; fileRef = 285D46EEE8D00AA4CFE9A1E6 /* Pods_SwiftDemo.framework */; };
		C1AE26DF24DBEE4E00474C31 /* RouteHelper.swift in Sources */ = {isa = PBXBuildFile; fileRef = C1AE26D624DBEE4E00474C31 /* RouteHelper.swift */; };
		C1AE26E024DBEE4E00474C31 /* RouteTrackerViewController.xib in Resources */ = {isa = PBXBuildFile; fileRef = C1AE26D724DBEE4E00474C31 /* RouteTrackerViewController.xib */; };
		C1AE26E124DBEE4E00474C31 /* RoutePoint.swift in Sources */ = {isa = PBXBuildFile; fileRef = C1AE26D824DBEE4E00474C31 /* RoutePoint.swift */; };
		C1AE26E224DBEE4E00474C31 /* RouteParams.swift in Sources */ = {isa = PBXBuildFile; fileRef = C1AE26D924DBEE4E00474C31 /* RouteParams.swift */; };
		C1AE26E324DBEE4E00474C31 /* Utils.swift in Sources */ = {isa = PBXBuildFile; fileRef = C1AE26DA24DBEE4E00474C31 /* Utils.swift */; };
		C1AE26E424DBEE4E00474C31 /* RouteTrackerViewController.swift in Sources */ = {isa = PBXBuildFile; fileRef = C1AE26DB24DBEE4E00474C31 /* RouteTrackerViewController.swift */; };
		C1AE26E524DBEE4E00474C31 /* BuildRouteTask.swift in Sources */ = {isa = PBXBuildFile; fileRef = C1AE26DC24DBEE4E00474C31 /* BuildRouteTask.swift */; };
		C1AE26E624DBEE4E00474C31 /* Formatters.swift in Sources */ = {isa = PBXBuildFile; fileRef = C1AE26DD24DBEE4E00474C31 /* Formatters.swift */; };
		C1AE26E724DBEE4E00474C31 /* Route.swift in Sources */ = {isa = PBXBuildFile; fileRef = C1AE26DE24DBEE4E00474C31 /* Route.swift */; };
		C1AE26E924DBEE6C00474C31 /* MapViewControllerBase.swift in Sources */ = {isa = PBXBuildFile; fileRef = C1AE26E824DBEE6C00474C31 /* MapViewControllerBase.swift */; };
/* End PBXBuildFile section */

/* Begin PBXFileReference section */
		053B07661620CD970D33FD96 /* Pods-SwiftDemo.debug.xcconfig */ = {isa = PBXFileReference; includeInIndex = 1; lastKnownFileType = text.xcconfig; name = "Pods-SwiftDemo.debug.xcconfig"; path = "Target Support Files/Pods-SwiftDemo/Pods-SwiftDemo.debug.xcconfig"; sourceTree = "<group>"; };
		285D46EEE8D00AA4CFE9A1E6 /* Pods_SwiftDemo.framework */ = {isa = PBXFileReference; explicitFileType = wrapper.framework; includeInIndex = 0; path = Pods_SwiftDemo.framework; sourceTree = BUILT_PRODUCTS_DIR; };
		6C255FB11DF02F3C0083815D /* DownloadMapsViewController.swift */ = {isa = PBXFileReference; fileEncoding = 4; lastKnownFileType = sourcecode.swift; path = DownloadMapsViewController.swift; sourceTree = "<group>"; };
		6C255FB21DF02F3C0083815D /* OSMTileSource.swift */ = {isa = PBXFileReference; fileEncoding = 4; lastKnownFileType = sourcecode.swift; path = OSMTileSource.swift; sourceTree = "<group>"; };
		6C558A95224B65360095E602 /* uk_postcodes.geojson */ = {isa = PBXFileReference; fileEncoding = 4; lastKnownFileType = text; name = uk_postcodes.geojson; path = ../../../Resources/uk_postcodes.geojson; sourceTree = "<group>"; };
		6C6C255A1DD9F5F70060A241 /* SwiftDemo.app */ = {isa = PBXFileReference; explicitFileType = wrapper.application; includeInIndex = 0; path = SwiftDemo.app; sourceTree = BUILT_PRODUCTS_DIR; };
		6C6C255D1DD9F5F80060A241 /* AppDelegate.swift */ = {isa = PBXFileReference; lastKnownFileType = sourcecode.swift; path = AppDelegate.swift; sourceTree = "<group>"; };
		6C6C255F1DD9F5F80060A241 /* ViewController.swift */ = {isa = PBXFileReference; lastKnownFileType = sourcecode.swift; path = ViewController.swift; sourceTree = "<group>"; };
		6C6C25621DD9F5F80060A241 /* Base */ = {isa = PBXFileReference; lastKnownFileType = file.storyboard; name = Base; path = Base.lproj/Main.storyboard; sourceTree = "<group>"; };
		6C6C25641DD9F5F80060A241 /* Assets.xcassets */ = {isa = PBXFileReference; lastKnownFileType = folder.assetcatalog; path = Assets.xcassets; sourceTree = "<group>"; };
		6C6C25671DD9F5F80060A241 /* Base */ = {isa = PBXFileReference; lastKnownFileType = file.storyboard; name = Base; path = Base.lproj/LaunchScreen.storyboard; sourceTree = "<group>"; };
		6C6C25691DD9F5F80060A241 /* Info.plist */ = {isa = PBXFileReference; lastKnownFileType = text.plist.xml; path = Info.plist; sourceTree = "<group>"; };
		6C6C25F41DDC75710060A241 /* MapViewController.swift */ = {isa = PBXFileReference; fileEncoding = 4; lastKnownFileType = sourcecode.swift; path = MapViewController.swift; sourceTree = "<group>"; };
		6C6C261D1DDDF1540060A241 /* Montenegro.vm */ = {isa = PBXFileReference; lastKnownFileType = file; path = Montenegro.vm; sourceTree = "<group>"; };
		6C6C261E1DDDF1540060A241 /* pin1.png */ = {isa = PBXFileReference; lastKnownFileType = image.png; path = pin1.png; sourceTree = "<group>"; };
		6C6C261F1DDDF1540060A241 /* pin1@2x.png */ = {isa = PBXFileReference; lastKnownFileType = image.png; path = "pin1@2x.png"; sourceTree = "<group>"; };
		6C6C26201DDDF1540060A241 /* pin2.png */ = {isa = PBXFileReference; lastKnownFileType = image.png; path = pin2.png; sourceTree = "<group>"; };
		6C6C26211DDDF1540060A241 /* pin2@2x.png */ = {isa = PBXFileReference; lastKnownFileType = image.png; path = "pin2@2x.png"; sourceTree = "<group>"; };
		6C6C26221DDDF1540060A241 /* pin3.png */ = {isa = PBXFileReference; lastKnownFileType = image.png; path = pin3.png; sourceTree = "<group>"; };
		6C6C26231DDDF1540060A241 /* pin3@2x.png */ = {isa = PBXFileReference; lastKnownFileType = image.png; path = "pin3@2x.png"; sourceTree = "<group>"; };
		6C780D0421088724008410F6 /* valhalla.json */ = {isa = PBXFileReference; fileEncoding = 4; lastKnownFileType = text.json; name = valhalla.json; path = ../../../Resources/valhalla.json; sourceTree = "<group>"; };
		6C780D0521088724008410F6 /* track-arrow.svgpb */ = {isa = PBXFileReference; lastKnownFileType = file; name = "track-arrow.svgpb"; path = "../../../Resources/track-arrow.svgpb"; sourceTree = "<group>"; };
		6CB9196A1E0D515500FBCF75 /* cluster_data.json */ = {isa = PBXFileReference; fileEncoding = 4; lastKnownFileType = text.json; path = cluster_data.json; sourceTree = "<group>"; };
		6CB9196B1E0D515500FBCF75 /* cluster.svgpb */ = {isa = PBXFileReference; lastKnownFileType = file; path = cluster.svgpb; sourceTree = "<group>"; };
		6CEA4E221FF4D9F900AC3758 /* ImageGroup.swift */ = {isa = PBXFileReference; fileEncoding = 4; lastKnownFileType = sourcecode.swift; path = ImageGroup.swift; sourceTree = "<group>"; };
		C1AE26D624DBEE4E00474C31 /* RouteHelper.swift */ = {isa = PBXFileReference; fileEncoding = 4; lastKnownFileType = sourcecode.swift; path = RouteHelper.swift; sourceTree = "<group>"; };
		C1AE26D724DBEE4E00474C31 /* RouteTrackerViewController.xib */ = {isa = PBXFileReference; fileEncoding = 4; lastKnownFileType = file.xib; path = RouteTrackerViewController.xib; sourceTree = "<group>"; };
		C1AE26D824DBEE4E00474C31 /* RoutePoint.swift */ = {isa = PBXFileReference; fileEncoding = 4; lastKnownFileType = sourcecode.swift; path = RoutePoint.swift; sourceTree = "<group>"; };
		C1AE26D924DBEE4E00474C31 /* RouteParams.swift */ = {isa = PBXFileReference; fileEncoding = 4; lastKnownFileType = sourcecode.swift; path = RouteParams.swift; sourceTree = "<group>"; };
		C1AE26DA24DBEE4E00474C31 /* Utils.swift */ = {isa = PBXFileReference; fileEncoding = 4; lastKnownFileType = sourcecode.swift; path = Utils.swift; sourceTree = "<group>"; };
		C1AE26DB24DBEE4E00474C31 /* RouteTrackerViewController.swift */ = {isa = PBXFileReference; fileEncoding = 4; lastKnownFileType = sourcecode.swift; path = RouteTrackerViewController.swift; sourceTree = "<group>"; };
		C1AE26DC24DBEE4E00474C31 /* BuildRouteTask.swift */ = {isa = PBXFileReference; fileEncoding = 4; lastKnownFileType = sourcecode.swift; path = BuildRouteTask.swift; sourceTree = "<group>"; };
		C1AE26DD24DBEE4E00474C31 /* Formatters.swift */ = {isa = PBXFileReference; fileEncoding = 4; lastKnownFileType = sourcecode.swift; path = Formatters.swift; sourceTree = "<group>"; };
		C1AE26DE24DBEE4E00474C31 /* Route.swift */ = {isa = PBXFileReference; fileEncoding = 4; lastKnownFileType = sourcecode.swift; path = Route.swift; sourceTree = "<group>"; };
		C1AE26E824DBEE6C00474C31 /* MapViewControllerBase.swift */ = {isa = PBXFileReference; fileEncoding = 4; lastKnownFileType = sourcecode.swift; path = MapViewControllerBase.swift; sourceTree = "<group>"; };
		E55E3B2CC81ACB9D7D76495E /* Pods-SwiftDemo.release.xcconfig */ = {isa = PBXFileReference; includeInIndex = 1; lastKnownFileType = text.xcconfig; name = "Pods-SwiftDemo.release.xcconfig"; path = "Target Support Files/Pods-SwiftDemo/Pods-SwiftDemo.release.xcconfig"; sourceTree = "<group>"; };
/* End PBXFileReference section */

/* Begin PBXFrameworksBuildPhase section */
		6C6C25571DD9F5F70060A241 /* Frameworks */ = {
			isa = PBXFrameworksBuildPhase;
			buildActionMask = 2147483647;
			files = (
				B12C299DC77911C99C98F819 /* Pods_SwiftDemo.framework in Frameworks */,
			);
			runOnlyForDeploymentPostprocessing = 0;
		};
/* End PBXFrameworksBuildPhase section */

/* Begin PBXGroup section */
		62700C2E403283A40BEF755D /* Frameworks */ = {
			isa = PBXGroup;
			children = (
				285D46EEE8D00AA4CFE9A1E6 /* Pods_SwiftDemo.framework */,
			);
			name = Frameworks;
			sourceTree = "<group>";
		};
		6C6C25511DD9F5F70060A241 = {
			isa = PBXGroup;
			children = (
				6C6C255C1DD9F5F70060A241 /* SwiftDemo */,
				6C6C255B1DD9F5F70060A241 /* Products */,
				E834CF1F1EC35F33735B54A5 /* Pods */,
				62700C2E403283A40BEF755D /* Frameworks */,
			);
			sourceTree = "<group>";
		};
		6C6C255B1DD9F5F70060A241 /* Products */ = {
			isa = PBXGroup;
			children = (
				6C6C255A1DD9F5F70060A241 /* SwiftDemo.app */,
			);
			name = Products;
			sourceTree = "<group>";
		};
		6C6C255C1DD9F5F70060A241 /* SwiftDemo */ = {
			isa = PBXGroup;
			children = (
				6C6C26171DDDF1540060A241 /* Resources */,
				C1AE26D524DBEE4E00474C31 /* Routing */,
				6C6C255D1DD9F5F80060A241 /* AppDelegate.swift */,
				6C6C25641DD9F5F80060A241 /* Assets.xcassets */,
				6C255FB11DF02F3C0083815D /* DownloadMapsViewController.swift */,
				6CEA4E221FF4D9F900AC3758 /* ImageGroup.swift */,
				6C6C25691DD9F5F80060A241 /* Info.plist */,
				6C6C25661DD9F5F80060A241 /* LaunchScreen.storyboard */,
				6C6C25611DD9F5F80060A241 /* Main.storyboard */,
				6C6C25F41DDC75710060A241 /* MapViewController.swift */,
				C1AE26E824DBEE6C00474C31 /* MapViewControllerBase.swift */,
				6C255FB21DF02F3C0083815D /* OSMTileSource.swift */,
				6C6C255F1DD9F5F80060A241 /* ViewController.swift */,
			);
			path = SwiftDemo;
			sourceTree = "<group>";
		};
		6C6C26171DDDF1540060A241 /* Resources */ = {
			isa = PBXGroup;
			children = (
				6C558A95224B65360095E602 /* uk_postcodes.geojson */,
				6CB9196A1E0D515500FBCF75 /* cluster_data.json */,
				6C780D0421088724008410F6 /* valhalla.json */,
				6C6C261E1DDDF1540060A241 /* pin1.png */,
				6C6C261F1DDDF1540060A241 /* pin1@2x.png */,
				6C6C26201DDDF1540060A241 /* pin2.png */,
				6C6C26211DDDF1540060A241 /* pin2@2x.png */,
				6C6C26221DDDF1540060A241 /* pin3.png */,
				6C6C26231DDDF1540060A241 /* pin3@2x.png */,
				6CB9196B1E0D515500FBCF75 /* cluster.svgpb */,
				6C780D0521088724008410F6 /* track-arrow.svgpb */,
				6C6C261D1DDDF1540060A241 /* Montenegro.vm */,
			);
			path = Resources;
			sourceTree = "<group>";
		};
		C1AE26D524DBEE4E00474C31 /* Routing */ = {
			isa = PBXGroup;
			children = (
				C1AE26D624DBEE4E00474C31 /* RouteHelper.swift */,
				C1AE26D724DBEE4E00474C31 /* RouteTrackerViewController.xib */,
				C1AE26D824DBEE4E00474C31 /* RoutePoint.swift */,
				C1AE26D924DBEE4E00474C31 /* RouteParams.swift */,
				C1AE26DA24DBEE4E00474C31 /* Utils.swift */,
				C1AE26DB24DBEE4E00474C31 /* RouteTrackerViewController.swift */,
				C1AE26DC24DBEE4E00474C31 /* BuildRouteTask.swift */,
				C1AE26DD24DBEE4E00474C31 /* Formatters.swift */,
				C1AE26DE24DBEE4E00474C31 /* Route.swift */,
			);
			path = Routing;
			sourceTree = "<group>";
		};
		E834CF1F1EC35F33735B54A5 /* Pods */ = {
			isa = PBXGroup;
			children = (
				053B07661620CD970D33FD96 /* Pods-SwiftDemo.debug.xcconfig */,
				E55E3B2CC81ACB9D7D76495E /* Pods-SwiftDemo.release.xcconfig */,
			);
			path = Pods;
			sourceTree = "<group>";
		};
/* End PBXGroup section */

/* Begin PBXNativeTarget section */
		6C6C25591DD9F5F70060A241 /* SwiftDemo */ = {
			isa = PBXNativeTarget;
			buildConfigurationList = 6C6C256C1DD9F5F80060A241 /* Build configuration list for PBXNativeTarget "SwiftDemo" */;
			buildPhases = (
				48A15C2516961EF2A010F2FD /* [CP] Check Pods Manifest.lock */,
				6C6C25561DD9F5F70060A241 /* Sources */,
				6C6C25571DD9F5F70060A241 /* Frameworks */,
				6C6C25581DD9F5F70060A241 /* Resources */,
				DDA37B334A8CBC9F4ACA7E19 /* [CP] Embed Pods Frameworks */,
				73CFA7F67B7BC2B3B107B205 /* [CP] Copy Pods Resources */,
			);
			buildRules = (
			);
			dependencies = (
			);
			name = SwiftDemo;
			productName = SwiftDemo;
			productReference = 6C6C255A1DD9F5F70060A241 /* SwiftDemo.app */;
			productType = "com.apple.product-type.application";
		};
/* End PBXNativeTarget section */

/* Begin PBXProject section */
		6C6C25521DD9F5F70060A241 /* Project object */ = {
			isa = PBXProject;
			attributes = {
				LastSwiftUpdateCheck = 0810;
				LastUpgradeCheck = 1020;
				ORGANIZATIONNAME = "Evgen Bodunov";
				TargetAttributes = {
					6C6C25591DD9F5F70060A241 = {
						CreatedOnToolsVersion = 8.1;
						DevelopmentTeam = AS56W2YHKU;
						LastSwiftMigration = 1020;
						ProvisioningStyle = Automatic;
					};
				};
			};
			buildConfigurationList = 6C6C25551DD9F5F70060A241 /* Build configuration list for PBXProject "SwiftDemo" */;
			compatibilityVersion = "Xcode 3.2";
			developmentRegion = en;
			hasScannedForEncodings = 0;
			knownRegions = (
				en,
				Base,
			);
			mainGroup = 6C6C25511DD9F5F70060A241;
			productRefGroup = 6C6C255B1DD9F5F70060A241 /* Products */;
			projectDirPath = "";
			projectRoot = "";
			targets = (
				6C6C25591DD9F5F70060A241 /* SwiftDemo */,
			);
		};
/* End PBXProject section */

/* Begin PBXResourcesBuildPhase section */
		6C6C25581DD9F5F70060A241 /* Resources */ = {
			isa = PBXResourcesBuildPhase;
			buildActionMask = 2147483647;
			files = (
				6C6C262D1DDDF1540060A241 /* pin2@2x.png in Resources */,
				6C6C262A1DDDF1540060A241 /* pin1.png in Resources */,
				6C6C25681DD9F5F80060A241 /* LaunchScreen.storyboard in Resources */,
				6CB9196D1E0D515500FBCF75 /* cluster.svgpb in Resources */,
				6C6C26291DDDF1540060A241 /* Montenegro.vm in Resources */,
				6CB9196C1E0D515500FBCF75 /* cluster_data.json in Resources */,
				6C6C25651DD9F5F80060A241 /* Assets.xcassets in Resources */,
				6C6C262E1DDDF1540060A241 /* pin3.png in Resources */,
				6C558A96224B65360095E602 /* uk_postcodes.geojson in Resources */,
				C1AE26E024DBEE4E00474C31 /* RouteTrackerViewController.xib in Resources */,
				6C6C262C1DDDF1540060A241 /* pin2.png in Resources */,
				6C780D0621088724008410F6 /* valhalla.json in Resources */,
				6C6C262B1DDDF1540060A241 /* pin1@2x.png in Resources */,
				6C6C262F1DDDF1540060A241 /* pin3@2x.png in Resources */,
				6C6C25631DD9F5F80060A241 /* Main.storyboard in Resources */,
				6C780D0721088724008410F6 /* track-arrow.svgpb in Resources */,
			);
			runOnlyForDeploymentPostprocessing = 0;
		};
/* End PBXResourcesBuildPhase section */

/* Begin PBXShellScriptBuildPhase section */
		48A15C2516961EF2A010F2FD /* [CP] Check Pods Manifest.lock */ = {
			isa = PBXShellScriptBuildPhase;
			buildActionMask = 2147483647;
			files = (
			);
			inputFileListPaths = (
			);
			inputPaths = (
				"${PODS_PODFILE_DIR_PATH}/Podfile.lock",
				"${PODS_ROOT}/Manifest.lock",
			);
			name = "[CP] Check Pods Manifest.lock";
			outputFileListPaths = (
			);
			outputPaths = (
				"$(DERIVED_FILE_DIR)/Pods-SwiftDemo-checkManifestLockResult.txt",
			);
			runOnlyForDeploymentPostprocessing = 0;
			shellPath = /bin/sh;
			shellScript = "diff \"${PODS_PODFILE_DIR_PATH}/Podfile.lock\" \"${PODS_ROOT}/Manifest.lock\" > /dev/null\nif [ $? != 0 ] ; then\n    # print error to STDERR\n    echo \"error: The sandbox is not in sync with the Podfile.lock. Run 'pod install' or update your CocoaPods installation.\" >&2\n    exit 1\nfi\n# This output is used by Xcode 'outputs' to avoid re-running this script phase.\necho \"SUCCESS\" > \"${SCRIPT_OUTPUT_FILE_0}\"\n";
			showEnvVarsInLog = 0;
		};
		73CFA7F67B7BC2B3B107B205 /* [CP] Copy Pods Resources */ = {
			isa = PBXShellScriptBuildPhase;
			buildActionMask = 2147483647;
			files = (
			);
			inputPaths = (
				"${PODS_ROOT}/Target Support Files/Pods-SwiftDemo/Pods-SwiftDemo-resources.sh",
				"${PODS_ROOT}/GLMap+DefaultStyle/DefaultStyle.bundle",
				"${PODS_ROOT}/GLMap+DefaultStyle/fonts",
				"${PODS_ROOT}/GLMap+WorldMap/world.vm",
			);
			name = "[CP] Copy Pods Resources";
			outputPaths = (
				"${TARGET_BUILD_DIR}/${UNLOCALIZED_RESOURCES_FOLDER_PATH}/DefaultStyle.bundle",
				"${TARGET_BUILD_DIR}/${UNLOCALIZED_RESOURCES_FOLDER_PATH}/fonts",
				"${TARGET_BUILD_DIR}/${UNLOCALIZED_RESOURCES_FOLDER_PATH}/world.vm",
			);
			runOnlyForDeploymentPostprocessing = 0;
			shellPath = /bin/sh;
			shellScript = "\"${PODS_ROOT}/Target Support Files/Pods-SwiftDemo/Pods-SwiftDemo-resources.sh\"\n";
			showEnvVarsInLog = 0;
		};
		DDA37B334A8CBC9F4ACA7E19 /* [CP] Embed Pods Frameworks */ = {
			isa = PBXShellScriptBuildPhase;
			buildActionMask = 2147483647;
			files = (
			);
			inputPaths = (
				"${PODS_ROOT}/Target Support Files/Pods-SwiftDemo/Pods-SwiftDemo-frameworks.sh",
				"${BUILT_PRODUCTS_DIR}/GLMapSwift/GLMapSwift.framework",
				"${PODS_XCFRAMEWORKS_BUILD_DIR}/GLMap/GLMap.framework/GLMap",
				"${PODS_XCFRAMEWORKS_BUILD_DIR}/GLRoute/GLRoute.framework/GLRoute",
				"${PODS_XCFRAMEWORKS_BUILD_DIR}/GLSearch/GLSearch.framework/GLSearch",
			);
			name = "[CP] Embed Pods Frameworks";
			outputPaths = (
				"${TARGET_BUILD_DIR}/${FRAMEWORKS_FOLDER_PATH}/GLMapSwift.framework",
				"${TARGET_BUILD_DIR}/${FRAMEWORKS_FOLDER_PATH}/GLMap.framework",
				"${TARGET_BUILD_DIR}/${FRAMEWORKS_FOLDER_PATH}/GLRoute.framework",
				"${TARGET_BUILD_DIR}/${FRAMEWORKS_FOLDER_PATH}/GLSearch.framework",
			);
			runOnlyForDeploymentPostprocessing = 0;
			shellPath = /bin/sh;
			shellScript = "\"${PODS_ROOT}/Target Support Files/Pods-SwiftDemo/Pods-SwiftDemo-frameworks.sh\"\n";
			showEnvVarsInLog = 0;
		};
/* End PBXShellScriptBuildPhase section */

/* Begin PBXSourcesBuildPhase section */
		6C6C25561DD9F5F70060A241 /* Sources */ = {
			isa = PBXSourcesBuildPhase;
			buildActionMask = 2147483647;
			files = (
				6C6C25601DD9F5F80060A241 /* ViewController.swift in Sources */,
				C1AE26E624DBEE4E00474C31 /* Formatters.swift in Sources */,
				C1AE26E524DBEE4E00474C31 /* BuildRouteTask.swift in Sources */,
				C1AE26DF24DBEE4E00474C31 /* RouteHelper.swift in Sources */,
				6CEA4E231FF4D9F900AC3758 /* ImageGroup.swift in Sources */,
				C1AE26E724DBEE4E00474C31 /* Route.swift in Sources */,
				6C6C25F51DDC75710060A241 /* MapViewController.swift in Sources */,
				C1AE26E124DBEE4E00474C31 /* RoutePoint.swift in Sources */,
				C1AE26E324DBEE4E00474C31 /* Utils.swift in Sources */,
				6C255FB41DF02F3C0083815D /* OSMTileSource.swift in Sources */,
				C1AE26E424DBEE4E00474C31 /* RouteTrackerViewController.swift in Sources */,
				C1AE26E924DBEE6C00474C31 /* MapViewControllerBase.swift in Sources */,
				C1AE26E224DBEE4E00474C31 /* RouteParams.swift in Sources */,
				6C255FB31DF02F3C0083815D /* DownloadMapsViewController.swift in Sources */,
				6C6C255E1DD9F5F80060A241 /* AppDelegate.swift in Sources */,
			);
			runOnlyForDeploymentPostprocessing = 0;
		};
/* End PBXSourcesBuildPhase section */

/* Begin PBXVariantGroup section */
		6C6C25611DD9F5F80060A241 /* Main.storyboard */ = {
			isa = PBXVariantGroup;
			children = (
				6C6C25621DD9F5F80060A241 /* Base */,
			);
			name = Main.storyboard;
			sourceTree = "<group>";
		};
		6C6C25661DD9F5F80060A241 /* LaunchScreen.storyboard */ = {
			isa = PBXVariantGroup;
			children = (
				6C6C25671DD9F5F80060A241 /* Base */,
			);
			name = LaunchScreen.storyboard;
			sourceTree = "<group>";
		};
/* End PBXVariantGroup section */

/* Begin XCBuildConfiguration section */
		6C6C256A1DD9F5F80060A241 /* Debug */ = {
			isa = XCBuildConfiguration;
			buildSettings = {
				ALWAYS_SEARCH_USER_PATHS = NO;
				CLANG_ANALYZER_LOCALIZABILITY_NONLOCALIZED = YES;
				CLANG_ANALYZER_NONNULL = YES;
				CLANG_CXX_LANGUAGE_STANDARD = "gnu++0x";
				CLANG_CXX_LIBRARY = "libc++";
				CLANG_ENABLE_MODULES = YES;
				CLANG_ENABLE_OBJC_ARC = YES;
				CLANG_WARN_BLOCK_CAPTURE_AUTORELEASING = YES;
				CLANG_WARN_BOOL_CONVERSION = YES;
				CLANG_WARN_COMMA = YES;
				CLANG_WARN_CONSTANT_CONVERSION = YES;
				CLANG_WARN_DEPRECATED_OBJC_IMPLEMENTATIONS = YES;
				CLANG_WARN_DIRECT_OBJC_ISA_USAGE = YES_ERROR;
				CLANG_WARN_DOCUMENTATION_COMMENTS = YES;
				CLANG_WARN_EMPTY_BODY = YES;
				CLANG_WARN_ENUM_CONVERSION = YES;
				CLANG_WARN_INFINITE_RECURSION = YES;
				CLANG_WARN_INT_CONVERSION = YES;
				CLANG_WARN_NON_LITERAL_NULL_CONVERSION = YES;
				CLANG_WARN_OBJC_IMPLICIT_RETAIN_SELF = YES;
				CLANG_WARN_OBJC_LITERAL_CONVERSION = YES;
				CLANG_WARN_OBJC_ROOT_CLASS = YES_ERROR;
				CLANG_WARN_RANGE_LOOP_ANALYSIS = YES;
				CLANG_WARN_STRICT_PROTOTYPES = YES;
				CLANG_WARN_SUSPICIOUS_MOVE = YES;
				CLANG_WARN_SUSPICIOUS_MOVES = YES;
				CLANG_WARN_UNREACHABLE_CODE = YES;
				CLANG_WARN__DUPLICATE_METHOD_MATCH = YES;
				"CODE_SIGN_IDENTITY[sdk=iphoneos*]" = "iPhone Developer";
				COPY_PHASE_STRIP = NO;
				DEBUG_INFORMATION_FORMAT = dwarf;
				ENABLE_STRICT_OBJC_MSGSEND = YES;
				ENABLE_TESTABILITY = YES;
				GCC_C_LANGUAGE_STANDARD = gnu99;
				GCC_DYNAMIC_NO_PIC = NO;
				GCC_NO_COMMON_BLOCKS = YES;
				GCC_OPTIMIZATION_LEVEL = 0;
				GCC_PREPROCESSOR_DEFINITIONS = (
					"DEBUG=1",
					"$(inherited)",
				);
				GCC_WARN_64_TO_32_BIT_CONVERSION = YES;
				GCC_WARN_ABOUT_RETURN_TYPE = YES_ERROR;
				GCC_WARN_UNDECLARED_SELECTOR = YES;
				GCC_WARN_UNINITIALIZED_AUTOS = YES_AGGRESSIVE;
				GCC_WARN_UNUSED_FUNCTION = YES;
				GCC_WARN_UNUSED_VARIABLE = YES;
				IPHONEOS_DEPLOYMENT_TARGET = 11.0;
				MTL_ENABLE_DEBUG_INFO = YES;
				ONLY_ACTIVE_ARCH = YES;
				SDKROOT = iphoneos;
				SWIFT_ACTIVE_COMPILATION_CONDITIONS = DEBUG;
				SWIFT_OPTIMIZATION_LEVEL = "-Onone";
				TARGETED_DEVICE_FAMILY = "1,2";
			};
			name = Debug;
		};
		6C6C256B1DD9F5F80060A241 /* Release */ = {
			isa = XCBuildConfiguration;
			buildSettings = {
				ALWAYS_SEARCH_USER_PATHS = NO;
				CLANG_ANALYZER_LOCALIZABILITY_NONLOCALIZED = YES;
				CLANG_ANALYZER_NONNULL = YES;
				CLANG_CXX_LANGUAGE_STANDARD = "gnu++0x";
				CLANG_CXX_LIBRARY = "libc++";
				CLANG_ENABLE_MODULES = YES;
				CLANG_ENABLE_OBJC_ARC = YES;
				CLANG_WARN_BLOCK_CAPTURE_AUTORELEASING = YES;
				CLANG_WARN_BOOL_CONVERSION = YES;
				CLANG_WARN_COMMA = YES;
				CLANG_WARN_CONSTANT_CONVERSION = YES;
				CLANG_WARN_DEPRECATED_OBJC_IMPLEMENTATIONS = YES;
				CLANG_WARN_DIRECT_OBJC_ISA_USAGE = YES_ERROR;
				CLANG_WARN_DOCUMENTATION_COMMENTS = YES;
				CLANG_WARN_EMPTY_BODY = YES;
				CLANG_WARN_ENUM_CONVERSION = YES;
				CLANG_WARN_INFINITE_RECURSION = YES;
				CLANG_WARN_INT_CONVERSION = YES;
				CLANG_WARN_NON_LITERAL_NULL_CONVERSION = YES;
				CLANG_WARN_OBJC_IMPLICIT_RETAIN_SELF = YES;
				CLANG_WARN_OBJC_LITERAL_CONVERSION = YES;
				CLANG_WARN_OBJC_ROOT_CLASS = YES_ERROR;
				CLANG_WARN_RANGE_LOOP_ANALYSIS = YES;
				CLANG_WARN_STRICT_PROTOTYPES = YES;
				CLANG_WARN_SUSPICIOUS_MOVE = YES;
				CLANG_WARN_SUSPICIOUS_MOVES = YES;
				CLANG_WARN_UNREACHABLE_CODE = YES;
				CLANG_WARN__DUPLICATE_METHOD_MATCH = YES;
				"CODE_SIGN_IDENTITY[sdk=iphoneos*]" = "iPhone Developer";
				COPY_PHASE_STRIP = NO;
				DEBUG_INFORMATION_FORMAT = "dwarf-with-dsym";
				ENABLE_NS_ASSERTIONS = NO;
				ENABLE_STRICT_OBJC_MSGSEND = YES;
				GCC_C_LANGUAGE_STANDARD = gnu99;
				GCC_NO_COMMON_BLOCKS = YES;
				GCC_WARN_64_TO_32_BIT_CONVERSION = YES;
				GCC_WARN_ABOUT_RETURN_TYPE = YES_ERROR;
				GCC_WARN_UNDECLARED_SELECTOR = YES;
				GCC_WARN_UNINITIALIZED_AUTOS = YES_AGGRESSIVE;
				GCC_WARN_UNUSED_FUNCTION = YES;
				GCC_WARN_UNUSED_VARIABLE = YES;
				IPHONEOS_DEPLOYMENT_TARGET = 11.0;
				MTL_ENABLE_DEBUG_INFO = NO;
				SDKROOT = iphoneos;
				SWIFT_OPTIMIZATION_LEVEL = "-Owholemodule";
				TARGETED_DEVICE_FAMILY = "1,2";
				VALIDATE_PRODUCT = YES;
			};
			name = Release;
		};
		6C6C256D1DD9F5F80060A241 /* Debug */ = {
			isa = XCBuildConfiguration;
			baseConfigurationReference = 053B07661620CD970D33FD96 /* Pods-SwiftDemo.debug.xcconfig */;
			buildSettings = {
				ASSETCATALOG_COMPILER_APPICON_NAME = AppIcon;
				DEVELOPMENT_TEAM = AS56W2YHKU;
				INFOPLIST_FILE = SwiftDemo/Info.plist;
				LD_RUNPATH_SEARCH_PATHS = "$(inherited) @executable_path/Frameworks";
				PRODUCT_BUNDLE_IDENTIFIER = com.getyourmap.SwiftDemo;
				PRODUCT_NAME = "$(TARGET_NAME)";
				SWIFT_VERSION = 5.0;
			};
			name = Debug;
		};
		6C6C256E1DD9F5F80060A241 /* Release */ = {
			isa = XCBuildConfiguration;
			baseConfigurationReference = E55E3B2CC81ACB9D7D76495E /* Pods-SwiftDemo.release.xcconfig */;
			buildSettings = {
				ASSETCATALOG_COMPILER_APPICON_NAME = AppIcon;
				DEVELOPMENT_TEAM = AS56W2YHKU;
				INFOPLIST_FILE = SwiftDemo/Info.plist;
				LD_RUNPATH_SEARCH_PATHS = "$(inherited) @executable_path/Frameworks";
				PRODUCT_BUNDLE_IDENTIFIER = com.getyourmap.SwiftDemo;
				PRODUCT_NAME = "$(TARGET_NAME)";
				SWIFT_VERSION = 5.0;
			};
			name = Release;
		};
/* End XCBuildConfiguration section */

/* Begin XCConfigurationList section */
		6C6C25551DD9F5F70060A241 /* Build configuration list for PBXProject "SwiftDemo" */ = {
			isa = XCConfigurationList;
			buildConfigurations = (
				6C6C256A1DD9F5F80060A241 /* Debug */,
				6C6C256B1DD9F5F80060A241 /* Release */,
			);
			defaultConfigurationIsVisible = 0;
			defaultConfigurationName = Release;
		};
		6C6C256C1DD9F5F80060A241 /* Build configuration list for PBXNativeTarget "SwiftDemo" */ = {
			isa = XCConfigurationList;
			buildConfigurations = (
				6C6C256D1DD9F5F80060A241 /* Debug */,
				6C6C256E1DD9F5F80060A241 /* Release */,
			);
			defaultConfigurationIsVisible = 0;
			defaultConfigurationName = Release;
		};
/* End XCConfigurationList section */
	};
	rootObject = 6C6C25521DD9F5F70060A241 /* Project object */;
}
