PODS:
  - GLMap (1.7.1):
    - "GLMap+DefaultStyle"
    - "GLMap+WorldMap"
    - GLMapCore (= 1.7.1)
  - "GLMap+DefaultStyle (1.7.1)"
  - "GLMap+WorldMap (22.11)"
  - GLMapCore (1.7.1)
  - GLRoute (1.7.1):
    - GLMapCore (= 1.7.1)
  - GLSearch (1.7.1):
    - GLMapCore (= 1.7.1)

DEPENDENCIES:
  - GLMap
  - GLRoute
  - GLSearch

SPEC REPOS:
  trunk:
    - GLMap
    - "GLMap+DefaultStyle"
    - "GLMap+WorldMap"
    - GLMapCore
    - GLRoute
    - GLSearch

SPEC CHECKSUMS:
  GLMap: e87c1cb9cc974443e341887be6794e7014d20a93
  "GLMap+DefaultStyle": 53fdc4e14299b3260ae386f5b18eefee0d7ce973
  "GLMap+WorldMap": 5e5f12b89b70ea0bc5512b5fdae8e4199137cd4b
  GLMapCore: 66ca9f3136e63d9de71f3d337cc1f0302451b722
  GLRoute: 265b729bebc627e502085a9715e830e532a6c28a
  GLSearch: 403e3803932cef831b7db731bb3389fcbdadd52a

PODFILE CHECKSUM: 2f0705e2bd4e5e4ccacdc343168224634ab67cc1

COCOAPODS: 1.11.3
